PODS:
  - Alamofire (4.5.1)
  - AMap3DMap-NO-IDFA (5.3.0):
    - AMapFoundation-NO-IDFA (~> 1.3)
  - AMapFoundation-NO-IDFA (1.4.2)
  - AMapLocation-NO-IDFA (2.4.0):
    - AMapFoundation-NO-IDFA (~> 1.4)
  - AMapSearch-NO-IDFA (5.3.0):
    - AMapFoundation-NO-IDFA (~> 1.2)
  - Cache (4.0.4):
    - SwiftHash (~> 2.0.0)
  - IQKeyboardManagerSwift (5.0.2)
  - Kingfisher (4.0.1)
  - pop (1.0.9)
  - SnapKit (4.0.0)
  - SwiftHash (2.0.0)
  - UMengUShare/Core (6.4.4):
    - UMengUShare/Network
  - UMengUShare/Network (6.4.4)
  - UMengUShare/Social/ReducedQQ (6.4.4):
    - UMengUShare/Core
  - UMengUShare/Social/ReducedWeChat (6.4.4):
    - UMengUShare/Core
  - UMengUShare/UI (6.4.4):
    - UMengUShare/Core

DEPENDENCIES:
  - Alamofire (~> 4.5.1)
  - AMap3DMap-NO-IDFA
  - AMapLocation-NO-IDFA
  - AMapSearch-NO-IDFA
  - Cache (~> 4.0.4)
  - IQKeyboardManagerSwift (= 5.0.2)
  - Kingfisher (~> 4.0.0)
  - pop (~> 1.0)
  - SnapKit (~> 4.0.0)
  - UMengUShare/Social/ReducedQQ
  - UMengUShare/Social/ReducedWeChat
  - UMengUShare/UI

SPEC CHECKSUMS:
  Alamofire: 2d95912bf4c34f164fdfc335872e8c312acaea4a
  AMap3DMap-NO-IDFA: 20c58f579e570fbd05242c6b0255bb32f2d6c719
  AMapFoundation-NO-IDFA: 3b9ce87abc6a37c718cc320687469d0b74d5c953
  AMapLocation-NO-IDFA: 9493012d3241a7d551942c7c1e1069b51f295083
  AMapSearch-NO-IDFA: eb0f9b424e6c3cdcb0e8c656e9622e8d0ee54238
  Cache: 1b3907ee2f5a457e7cfe9ac0be22dc9207f55a09
  IQKeyboardManagerSwift: e580da046d804d2836ee84668cc17e43a850a35d
  Kingfisher: b771785e9461ed4b8686d40e7145f9e58100cb24
  pop: f667631a5108a2e60d9e8797c9b32ddaf2080bce
  SnapKit: a42d492c16e80209130a3379f73596c3454b7694
  SwiftHash: d2e09b13495447178cdfb8e46e54a5c46f15f5a9
  UMengUShare: cd54ae52958426b79aa9193a7b02058d6a6d9aa0

PODFILE CHECKSUM: 98f1d4d51c4c7926ef23eced55f814475b15fe49

COCOAPODS: 1.4.0.beta.1
