// !$*UTF8*$!
{
	archiveVersion = 1;
	classes = {
	};
	objectVersion = 46;
	objects = {

/* Begin PBXBuildFile section */
		D4031E97425D8295BF9D115C /* Pods_ANT_iOS.framework in Frameworks */ = {isa = PBXBuildFile; fileRef = C3D2928A46DF521094C213F0 /* Pods_ANT_iOS.framework */; };
		F307E6171F68B7E4001664C8 /* InputDialog.swift in Sources */ = {isa = PBXBuildFile; fileRef = F307E6161F68B7E4001664C8 /* InputDialog.swift */; };
		F30EEEE31EF7599100C6A9FF /* VersionAlertView.swift in Sources */ = {isa = PBXBuildFile; fileRef = F30EEEE21EF7599100C6A9FF /* VersionAlertView.swift */; };
		F30EEEE51EF767A100C6A9FF /* VersionManager.swift in Sources */ = {isa = PBXBuildFile; fileRef = F30EEEE41EF767A100C6A9FF /* VersionManager.swift */; };
		F314B2CE1F6769EA00AAB40B /* BaseTableViewDelegate.swift in Sources */ = {isa = PBXBuildFile; fileRef = F314B2CD1F6769EA00AAB40B /* BaseTableViewDelegate.swift */; };
		F314B2D01F6770DD00AAB40B /* BaseTableViewCell.swift in Sources */ = {isa = PBXBuildFile; fileRef = F314B2CF1F6770DD00AAB40B /* BaseTableViewCell.swift */; };
		F314B3631F67D21700AAB40B /* TBCityIconFont.m in Sources */ = {isa = PBXBuildFile; fileRef = F314B35E1F67D21700AAB40B /* TBCityIconFont.m */; };
		F314B3641F67D21700AAB40B /* TBCityIconInfo.m in Sources */ = {isa = PBXBuildFile; fileRef = F314B3601F67D21700AAB40B /* TBCityIconInfo.m */; };
		F314B3651F67D21700AAB40B /* UIImage+TBCityIconFont.m in Sources */ = {isa = PBXBuildFile; fileRef = F314B3621F67D21700AAB40B /* UIImage+TBCityIconFont.m */; };
		F314B3671F67D2E600AAB40B /* iconfont.ttf in Resources */ = {isa = PBXBuildFile; fileRef = F314B3661F67D2E600AAB40B /* iconfont.ttf */; };
		F320DE761EEE669A005AF954 /* CetuViewController.swift in Sources */ = {isa = PBXBuildFile; fileRef = F320DE751EEE669A005AF954 /* CetuViewController.swift */; };
		F320DE781EEE7114005AF954 /* FormulaModel.swift in Sources */ = {isa = PBXBuildFile; fileRef = F320DE771EEE7114005AF954 /* FormulaModel.swift */; };
		F320DE7A1EEE7A65005AF954 /* UIView+Additions.swift in Sources */ = {isa = PBXBuildFile; fileRef = F320DE791EEE7A65005AF954 /* UIView+Additions.swift */; };
		F320DE7C1EEE8044005AF954 /* CetuDataInputViewController.swift in Sources */ = {isa = PBXBuildFile; fileRef = F320DE7B1EEE8044005AF954 /* CetuDataInputViewController.swift */; };
		F3235C431F6FB8F5003A0DCE /* QualityTrackingViewController.swift in Sources */ = {isa = PBXBuildFile; fileRef = F3235C421F6FB8F5003A0DCE /* QualityTrackingViewController.swift */; };
		F32671C51EF7D39700121C9B /* YYAlertView.swift in Sources */ = {isa = PBXBuildFile; fileRef = F32671C41EF7D39700121C9B /* YYAlertView.swift */; };
		F3320AE91EE79BF800327DC7 /* ShopListViewController.swift in Sources */ = {isa = PBXBuildFile; fileRef = F3320AE81EE79BF800327DC7 /* ShopListViewController.swift */; };
		F3320AEB1EE7A4BE00327DC7 /* ShopModel.swift in Sources */ = {isa = PBXBuildFile; fileRef = F3320AEA1EE7A4BE00327DC7 /* ShopModel.swift */; };
		F33FBB891EEF857C00F4B2A8 /* BuyFormulaPopView.swift in Sources */ = {isa = PBXBuildFile; fileRef = F33FBB881EEF857C00F4B2A8 /* BuyFormulaPopView.swift */; };
		F33FBB8B1EEF97DF00F4B2A8 /* CeTuAdviceViewController.swift in Sources */ = {isa = PBXBuildFile; fileRef = F33FBB8A1EEF97DF00F4B2A8 /* CeTuAdviceViewController.swift */; };
		F33FBB8E1EEFBEDA00F4B2A8 /* MenuControl.swift in Sources */ = {isa = PBXBuildFile; fileRef = F33FBB8D1EEFBEDA00F4B2A8 /* MenuControl.swift */; };
		F33FBB981EEFDB2100F4B2A8 /* PlantManagerViewController.swift in Sources */ = {isa = PBXBuildFile; fileRef = F33FBB971EEFDB2100F4B2A8 /* PlantManagerViewController.swift */; };
		F34C93541EE692F300091195 /* BaseConst.swift in Sources */ = {isa = PBXBuildFile; fileRef = F34C93531EE692F300091195 /* BaseConst.swift */; };
		F34C93561EE6991300091195 /* MessageModel.swift in Sources */ = {isa = PBXBuildFile; fileRef = F34C93551EE6991300091195 /* MessageModel.swift */; };
		F34C93591EE69EC400091195 /* LoanInsureViewController.swift in Sources */ = {isa = PBXBuildFile; fileRef = F34C93581EE69EC400091195 /* LoanInsureViewController.swift */; };
		F34C935C1EE6A6D000091195 /* SettingsViewController.swift in Sources */ = {isa = PBXBuildFile; fileRef = F34C935B1EE6A6D000091195 /* SettingsViewController.swift */; };
		F34C935E1EE6B58600091195 /* CacheManager.swift in Sources */ = {isa = PBXBuildFile; fileRef = F34C935D1EE6B58600091195 /* CacheManager.swift */; };
		F35BB7611EE14CEF0032EC02 /* ViewController.swift in Sources */ = {isa = PBXBuildFile; fileRef = F35BB7601EE14CEF0032EC02 /* ViewController.swift */; };
		F35BB7661EE14CEF0032EC02 /* Assets.xcassets in Resources */ = {isa = PBXBuildFile; fileRef = F35BB7651EE14CEF0032EC02 /* Assets.xcassets */; };
		F35BB7691EE14CEF0032EC02 /* LaunchScreen.storyboard in Resources */ = {isa = PBXBuildFile; fileRef = F35BB7671EE14CEF0032EC02 /* LaunchScreen.storyboard */; };
		F35BB7721EE14DC80032EC02 /* AppTabBarController.swift in Sources */ = {isa = PBXBuildFile; fileRef = F35BB7711EE14DC80032EC02 /* AppTabBarController.swift */; };
		F35BB77D1EE1503B0032EC02 /* AppNavigationController.swift in Sources */ = {isa = PBXBuildFile; fileRef = F35BB77C1EE1503B0032EC02 /* AppNavigationController.swift */; };
		F35BB7801EE163DD0032EC02 /* BaseViewController.swift in Sources */ = {isa = PBXBuildFile; fileRef = F35BB77F1EE163DD0032EC02 /* BaseViewController.swift */; };
		F365D6781EE63C8900500391 /* FarmRecordCell.swift in Sources */ = {isa = PBXBuildFile; fileRef = F365D6771EE63C8900500391 /* FarmRecordCell.swift */; };
		F365D67A1EE6415B00500391 /* FarmActivityModel.swift in Sources */ = {isa = PBXBuildFile; fileRef = F365D6791EE6415B00500391 /* FarmActivityModel.swift */; };
		F365D67D1EE6791700500391 /* CetuTypeViewController.swift in Sources */ = {isa = PBXBuildFile; fileRef = F365D67C1EE6791700500391 /* CetuTypeViewController.swift */; };
		F365D6891EE67A4100500391 /* AppDelegate.swift in Sources */ = {isa = PBXBuildFile; fileRef = F365D6881EE67A4100500391 /* AppDelegate.swift */; };
		F365D6E41EE67AAE00500391 /* TAAbstractDotView.m in Sources */ = {isa = PBXBuildFile; fileRef = F365D68F1EE67AAE00500391 /* TAAbstractDotView.m */; };
		F365D6E51EE67AAE00500391 /* TAAnimatedDotView.m in Sources */ = {isa = PBXBuildFile; fileRef = F365D6911EE67AAE00500391 /* TAAnimatedDotView.m */; };
		F365D6E61EE67AAE00500391 /* TADotView.m in Sources */ = {isa = PBXBuildFile; fileRef = F365D6931EE67AAE00500391 /* TADotView.m */; };
		F365D6E71EE67AAE00500391 /* TAPageControl.m in Sources */ = {isa = PBXBuildFile; fileRef = F365D6951EE67AAE00500391 /* TAPageControl.m */; };
		F365D6E81EE67AAE00500391 /* SDCollectionViewCell.m in Sources */ = {isa = PBXBuildFile; fileRef = F365D6971EE67AAE00500391 /* SDCollectionViewCell.m */; };
		F365D6E91EE67AAE00500391 /* SDCycleScrollView.m in Sources */ = {isa = PBXBuildFile; fileRef = F365D6991EE67AAE00500391 /* SDCycleScrollView.m */; };
		F365D6EA1EE67AAE00500391 /* UIView+SDExtension.m in Sources */ = {isa = PBXBuildFile; fileRef = F365D69B1EE67AAE00500391 /* UIView+SDExtension.m */; };
		F365D6EB1EE67AAE00500391 /* NSData+ImageContentType.m in Sources */ = {isa = PBXBuildFile; fileRef = F365D69E1EE67AAE00500391 /* NSData+ImageContentType.m */; };
		F365D6EC1EE67AAE00500391 /* SDImageCache.m in Sources */ = {isa = PBXBuildFile; fileRef = F365D6A01EE67AAE00500391 /* SDImageCache.m */; };
		F365D6ED1EE67AAE00500391 /* SDWebImageCompat.m in Sources */ = {isa = PBXBuildFile; fileRef = F365D6A21EE67AAE00500391 /* SDWebImageCompat.m */; };
		F365D6EE1EE67AAE00500391 /* SDWebImageDecoder.m in Sources */ = {isa = PBXBuildFile; fileRef = F365D6A41EE67AAE00500391 /* SDWebImageDecoder.m */; };
		F365D6EF1EE67AAE00500391 /* SDWebImageDownloader.m in Sources */ = {isa = PBXBuildFile; fileRef = F365D6A61EE67AAE00500391 /* SDWebImageDownloader.m */; };
		F365D6F01EE67AAE00500391 /* SDWebImageDownloaderOperation.m in Sources */ = {isa = PBXBuildFile; fileRef = F365D6A81EE67AAE00500391 /* SDWebImageDownloaderOperation.m */; };
		F365D6F11EE67AAE00500391 /* SDWebImageManager.m in Sources */ = {isa = PBXBuildFile; fileRef = F365D6AA1EE67AAE00500391 /* SDWebImageManager.m */; };
		F365D6F21EE67AAE00500391 /* SDWebImagePrefetcher.m in Sources */ = {isa = PBXBuildFile; fileRef = F365D6AD1EE67AAE00500391 /* SDWebImagePrefetcher.m */; };
		F365D6F31EE67AAE00500391 /* UIButton+WebCache.m in Sources */ = {isa = PBXBuildFile; fileRef = F365D6AF1EE67AAE00500391 /* UIButton+WebCache.m */; };
		F365D6F41EE67AAE00500391 /* UIImage+GIF.m in Sources */ = {isa = PBXBuildFile; fileRef = F365D6B11EE67AAE00500391 /* UIImage+GIF.m */; };
		F365D6F51EE67AAE00500391 /* UIImage+MultiFormat.m in Sources */ = {isa = PBXBuildFile; fileRef = F365D6B31EE67AAE00500391 /* UIImage+MultiFormat.m */; };
		F365D6F61EE67AAE00500391 /* UIImageView+HighlightedWebCache.m in Sources */ = {isa = PBXBuildFile; fileRef = F365D6B51EE67AAE00500391 /* UIImageView+HighlightedWebCache.m */; };
		F365D6F71EE67AAE00500391 /* UIImageView+WebCache.m in Sources */ = {isa = PBXBuildFile; fileRef = F365D6B71EE67AAE00500391 /* UIImageView+WebCache.m */; };
		F365D6F81EE67AAE00500391 /* UIView+WebCacheOperation.m in Sources */ = {isa = PBXBuildFile; fileRef = F365D6B91EE67AAE00500391 /* UIView+WebCacheOperation.m */; };
		F365D71B1EE67AAE00500391 /* NSObject+YYModel.m in Sources */ = {isa = PBXBuildFile; fileRef = F365D6E01EE67AAE00500391 /* NSObject+YYModel.m */; };
		F365D71C1EE67AAE00500391 /* YYClassInfo.m in Sources */ = {isa = PBXBuildFile; fileRef = F365D6E21EE67AAE00500391 /* YYClassInfo.m */; };
		F365D7201EE67B1700500391 /* AppCommon.m in Sources */ = {isa = PBXBuildFile; fileRef = F365D71F1EE67B1700500391 /* AppCommon.m */; };
		F37600D51F788BCB00E9A242 /* UMSocialSwiftInterface.swift in Sources */ = {isa = PBXBuildFile; fileRef = F37600D41F788BCB00E9A242 /* UMSocialSwiftInterface.swift */; };
		F376B1FA1F04EFB800447696 /* NewsViewController.swift in Sources */ = {isa = PBXBuildFile; fileRef = F376B1F91F04EFB800447696 /* NewsViewController.swift */; };
		F37BDDB11F6A62C000641D76 /* ImageModel.swift in Sources */ = {isa = PBXBuildFile; fileRef = F37BDDB01F6A62C000641D76 /* ImageModel.swift */; };
		F38504741F7B6E27008DD007 /* WebThingViewController.swift in Sources */ = {isa = PBXBuildFile; fileRef = F38504731F7B6E27008DD007 /* WebThingViewController.swift */; };
		F38AA1871F709FE300CA9547 /* TraceStep1ViewController.swift in Sources */ = {isa = PBXBuildFile; fileRef = F38AA1861F709FE300CA9547 /* TraceStep1ViewController.swift */; };
		F38AA1891F70A13600CA9547 /* TraceStepView.swift in Sources */ = {isa = PBXBuildFile; fileRef = F38AA1881F70A13600CA9547 /* TraceStepView.swift */; };
		F38AA18B1F70B0C100CA9547 /* TraceStep2ViewController.swift in Sources */ = {isa = PBXBuildFile; fileRef = F38AA18A1F70B0C100CA9547 /* TraceStep2ViewController.swift */; };
		F38AA18D1F70B33300CA9547 /* CustomPageControl.swift in Sources */ = {isa = PBXBuildFile; fileRef = F38AA18C1F70B33300CA9547 /* CustomPageControl.swift */; };
		F38AA18F1F70EC6A00CA9547 /* CharacteristicCell.swift in Sources */ = {isa = PBXBuildFile; fileRef = F38AA18E1F70EC6A00CA9547 /* CharacteristicCell.swift */; };
		F398558B1EE8EBE80042990C /* AddressListViewController.swift in Sources */ = {isa = PBXBuildFile; fileRef = F398558A1EE8EBE80042990C /* AddressListViewController.swift */; };
		F398558D1EE8F1920042990C /* AddressModel.swift in Sources */ = {isa = PBXBuildFile; fileRef = F398558C1EE8F1920042990C /* AddressModel.swift */; };
		F39855951EE8FDF20042990C /* VerticalButton.swift in Sources */ = {isa = PBXBuildFile; fileRef = F39855941EE8FDF20042990C /* VerticalButton.swift */; };
		F39855971EE927A10042990C /* AddressEditViewController.swift in Sources */ = {isa = PBXBuildFile; fileRef = F39855961EE927A10042990C /* AddressEditViewController.swift */; };
		F398559A1EE93C870042990C /* SelectAreaAlert.swift in Sources */ = {isa = PBXBuildFile; fileRef = F39855991EE93C870042990C /* SelectAreaAlert.swift */; };
		F398559C1EE954690042990C /* CommonUtils.swift in Sources */ = {isa = PBXBuildFile; fileRef = F398559B1EE954690042990C /* CommonUtils.swift */; };
		F399DDD11EF38F6A0012AD94 /* AppTabBar.swift in Sources */ = {isa = PBXBuildFile; fileRef = F399DDD01EF38F6A0012AD94 /* AppTabBar.swift */; };
		F399DDD71EF3DA9B0012AD94 /* UIImage+Additions.swift in Sources */ = {isa = PBXBuildFile; fileRef = F399DDD61EF3DA9B0012AD94 /* UIImage+Additions.swift */; };
		F3A1D0DC1F04F2290008F051 /* UIColor+ImageGetColor.m in Sources */ = {isa = PBXBuildFile; fileRef = F3A1D0DB1F04F2290008F051 /* UIColor+ImageGetColor.m */; };
		F3A1D12F1F04F7020008F051 /* PublishViewController.swift in Sources */ = {isa = PBXBuildFile; fileRef = F3A1D12E1F04F7020008F051 /* PublishViewController.swift */; };
		F3A1D1321F04FF4C0008F051 /* BaseTableViewDataSource.swift in Sources */ = {isa = PBXBuildFile; fileRef = F3A1D1311F04FF4C0008F051 /* BaseTableViewDataSource.swift */; };
		F3B764FA1EEF73E1009FF0BE /* PopUpPickerView.swift in Sources */ = {isa = PBXBuildFile; fileRef = F3B764F91EEF73E1009FF0BE /* PopUpPickerView.swift */; };
		F3BB46211F69234C00E0539C /* FieldsManagerViewController.swift in Sources */ = {isa = PBXBuildFile; fileRef = F3BB46201F69234C00E0539C /* FieldsManagerViewController.swift */; };
		F3BB46231F69267800E0539C /* FieldsTableViewController.swift in Sources */ = {isa = PBXBuildFile; fileRef = F3BB46221F69267800E0539C /* FieldsTableViewController.swift */; };
		F3BB46251F69269400E0539C /* FieldsMapViewController.swift in Sources */ = {isa = PBXBuildFile; fileRef = F3BB46241F69269400E0539C /* FieldsMapViewController.swift */; };
		F3BB462B1F6939FE00E0539C /* FieldGroupModel.swift in Sources */ = {isa = PBXBuildFile; fileRef = F3BB462A1F6939FE00E0539C /* FieldGroupModel.swift */; };
		F3D0A6651F6FC27900464265 /* QualityTrackModel.swift in Sources */ = {isa = PBXBuildFile; fileRef = F3D0A6641F6FC27900464265 /* QualityTrackModel.swift */; };
		F3D16B221F70F11B00985E30 /* TraceStep3ViewController.swift in Sources */ = {isa = PBXBuildFile; fileRef = F3D16B211F70F11B00985E30 /* TraceStep3ViewController.swift */; };
		F3D16B241F70FBAF00985E30 /* TraceStep4ViewController.swift in Sources */ = {isa = PBXBuildFile; fileRef = F3D16B231F70FBAF00985E30 /* TraceStep4ViewController.swift */; };
		F3D16B261F71025400985E30 /* TraceStep5ViewController.swift in Sources */ = {isa = PBXBuildFile; fileRef = F3D16B251F71025400985E30 /* TraceStep5ViewController.swift */; };
		F3D16B281F71038300985E30 /* AddTraceCompleteViewController.swift in Sources */ = {isa = PBXBuildFile; fileRef = F3D16B271F71038300985E30 /* AddTraceCompleteViewController.swift */; };
		F3D16B2A1F7104A000985E30 /* QualityTracDetailsViewController.swift in Sources */ = {isa = PBXBuildFile; fileRef = F3D16B291F7104A000985E30 /* QualityTracDetailsViewController.swift */; };
		F3D677381EE55EBB00BEB029 /* CropsCollectionView.swift in Sources */ = {isa = PBXBuildFile; fileRef = F3D677371EE55EBB00BEB029 /* CropsCollectionView.swift */; };
		F3D6773B1EE5625500BEB029 /* PlantModel.swift in Sources */ = {isa = PBXBuildFile; fileRef = F3D6773A1EE5625500BEB029 /* PlantModel.swift */; };
		F3D84DFA1F6BC5A4008573E3 /* YYSheetView.swift in Sources */ = {isa = PBXBuildFile; fileRef = F3D84DF91F6BC5A4008573E3 /* YYSheetView.swift */; };
		F3E6C8CC1F6F61FF00E2E45C /* YYAdvertScrollView.swift in Sources */ = {isa = PBXBuildFile; fileRef = F3E6C8CB1F6F61FF00E2E45C /* YYAdvertScrollView.swift */; };
		F3EE54DC1F05F88E004A9523 /* NewsTableViewCell.swift in Sources */ = {isa = PBXBuildFile; fileRef = F3EE54DB1F05F88E004A9523 /* NewsTableViewCell.swift */; };
		F3EE54E01F063831004A9523 /* popMenvTopView.xib in Resources */ = {isa = PBXBuildFile; fileRef = F3EE54DE1F063830004A9523 /* popMenvTopView.xib */; };
		F3EE54E11F063831004A9523 /* popMenvTopView.m in Sources */ = {isa = PBXBuildFile; fileRef = F3EE54DF1F063830004A9523 /* popMenvTopView.m */; };
		F3EE54E31F064537004A9523 /* NewsModel.swift in Sources */ = {isa = PBXBuildFile; fileRef = F3EE54E21F064537004A9523 /* NewsModel.swift */; };
		F3F586841EE407FD0018412D /* HomeViewController.swift in Sources */ = {isa = PBXBuildFile; fileRef = F3F586831EE407FD0018412D /* HomeViewController.swift */; };
		F3F5870C1EE4375D0018412D /* HomeModuleCollectionView.swift in Sources */ = {isa = PBXBuildFile; fileRef = F3F5870B1EE4375D0018412D /* HomeModuleCollectionView.swift */; };
		F3F5870F1EE439EB0018412D /* NotificationViewController.swift in Sources */ = {isa = PBXBuildFile; fileRef = F3F5870E1EE439EB0018412D /* NotificationViewController.swift */; };
		F3F587131EE43BC40018412D /* UIColor+Addtions.swift in Sources */ = {isa = PBXBuildFile; fileRef = F3F587121EE43BC40018412D /* UIColor+Addtions.swift */; };
		F3F5871A1EE43CAD0018412D /* CircleViewController.swift in Sources */ = {isa = PBXBuildFile; fileRef = F3F587151EE43CAD0018412D /* CircleViewController.swift */; };
		F3F5871B1EE43CAD0018412D /* FarmViewController.swift in Sources */ = {isa = PBXBuildFile; fileRef = F3F587171EE43CAD0018412D /* FarmViewController.swift */; };
		F3F5871C1EE43CAD0018412D /* MineViewController.swift in Sources */ = {isa = PBXBuildFile; fileRef = F3F587191EE43CAD0018412D /* MineViewController.swift */; };
		F3F7820A1F6632B2007C5768 /* HyPopMenuView.m in Sources */ = {isa = PBXBuildFile; fileRef = F3F782051F6632B2007C5768 /* HyPopMenuView.m */; };
		F3F7820B1F6632B2007C5768 /* PopMenuButton.m in Sources */ = {isa = PBXBuildFile; fileRef = F3F782071F6632B2007C5768 /* PopMenuButton.m */; };
		F3F7820C1F6632B2007C5768 /* PopMenuModel.m in Sources */ = {isa = PBXBuildFile; fileRef = F3F782091F6632B2007C5768 /* PopMenuModel.m */; };
		F3FC1E881EE7E09D00CD66E1 /* WebThingsViewController.swift in Sources */ = {isa = PBXBuildFile; fileRef = F3FC1E871EE7E09D00CD66E1 /* WebThingsViewController.swift */; };
		F3FC1E8A1EE7E2EA00CD66E1 /* webthing in Resources */ = {isa = PBXBuildFile; fileRef = F3FC1E891EE7E2EA00CD66E1 /* webthing */; };
		F3FCEAAD1F7C84CE00148C09 /* PopupMenu.swift in Sources */ = {isa = PBXBuildFile; fileRef = F3FCEAAC1F7C84CE00148C09 /* PopupMenu.swift */; };
/* End PBXBuildFile section */

/* Begin PBXFileReference section */
		022A2B72FB17BBCF3E6BD8BC /* Pods-ANT_iOS.release.xcconfig */ = {isa = PBXFileReference; includeInIndex = 1; lastKnownFileType = text.xcconfig; name = "Pods-ANT_iOS.release.xcconfig"; path = "Pods/Target Support Files/Pods-ANT_iOS/Pods-ANT_iOS.release.xcconfig"; sourceTree = "<group>"; };
		71E885BB0AA338D183331694 /* Pods-ANT_iOS.debug.xcconfig */ = {isa = PBXFileReference; includeInIndex = 1; lastKnownFileType = text.xcconfig; name = "Pods-ANT_iOS.debug.xcconfig"; path = "Pods/Target Support Files/Pods-ANT_iOS/Pods-ANT_iOS.debug.xcconfig"; sourceTree = "<group>"; };
		C3D2928A46DF521094C213F0 /* Pods_ANT_iOS.framework */ = {isa = PBXFileReference; explicitFileType = wrapper.framework; includeInIndex = 0; path = Pods_ANT_iOS.framework; sourceTree = BUILT_PRODUCTS_DIR; };
		F307E6161F68B7E4001664C8 /* InputDialog.swift */ = {isa = PBXFileReference; fileEncoding = 4; lastKnownFileType = sourcecode.swift; path = InputDialog.swift; sourceTree = "<group>"; };
		F30EEEE21EF7599100C6A9FF /* VersionAlertView.swift */ = {isa = PBXFileReference; lastKnownFileType = sourcecode.swift; path = VersionAlertView.swift; sourceTree = "<group>"; };
		F30EEEE41EF767A100C6A9FF /* VersionManager.swift */ = {isa = PBXFileReference; lastKnownFileType = sourcecode.swift; path = VersionManager.swift; sourceTree = "<group>"; };
		F314B2CD1F6769EA00AAB40B /* BaseTableViewDelegate.swift */ = {isa = PBXFileReference; fileEncoding = 4; lastKnownFileType = sourcecode.swift; path = BaseTableViewDelegate.swift; sourceTree = "<group>"; };
		F314B2CF1F6770DD00AAB40B /* BaseTableViewCell.swift */ = {isa = PBXFileReference; fileEncoding = 4; lastKnownFileType = sourcecode.swift; path = BaseTableViewCell.swift; sourceTree = "<group>"; };
		F314B35D1F67D21700AAB40B /* TBCityIconFont.h */ = {isa = PBXFileReference; fileEncoding = 4; lastKnownFileType = sourcecode.c.h; path = TBCityIconFont.h; sourceTree = "<group>"; };
		F314B35E1F67D21700AAB40B /* TBCityIconFont.m */ = {isa = PBXFileReference; fileEncoding = 4; lastKnownFileType = sourcecode.c.objc; path = TBCityIconFont.m; sourceTree = "<group>"; };
		F314B35F1F67D21700AAB40B /* TBCityIconInfo.h */ = {isa = PBXFileReference; fileEncoding = 4; lastKnownFileType = sourcecode.c.h; path = TBCityIconInfo.h; sourceTree = "<group>"; };
		F314B3601F67D21700AAB40B /* TBCityIconInfo.m */ = {isa = PBXFileReference; fileEncoding = 4; lastKnownFileType = sourcecode.c.objc; path = TBCityIconInfo.m; sourceTree = "<group>"; };
		F314B3611F67D21700AAB40B /* UIImage+TBCityIconFont.h */ = {isa = PBXFileReference; fileEncoding = 4; lastKnownFileType = sourcecode.c.h; path = "UIImage+TBCityIconFont.h"; sourceTree = "<group>"; };
		F314B3621F67D21700AAB40B /* UIImage+TBCityIconFont.m */ = {isa = PBXFileReference; fileEncoding = 4; lastKnownFileType = sourcecode.c.objc; path = "UIImage+TBCityIconFont.m"; sourceTree = "<group>"; };
		F314B3661F67D2E600AAB40B /* iconfont.ttf */ = {isa = PBXFileReference; lastKnownFileType = file; path = iconfont.ttf; sourceTree = "<group>"; };
		F320DE751EEE669A005AF954 /* CetuViewController.swift */ = {isa = PBXFileReference; lastKnownFileType = sourcecode.swift; path = CetuViewController.swift; sourceTree = "<group>"; };
		F320DE771EEE7114005AF954 /* FormulaModel.swift */ = {isa = PBXFileReference; lastKnownFileType = sourcecode.swift; path = FormulaModel.swift; sourceTree = "<group>"; };
		F320DE791EEE7A65005AF954 /* UIView+Additions.swift */ = {isa = PBXFileReference; lastKnownFileType = sourcecode.swift; path = "UIView+Additions.swift"; sourceTree = "<group>"; };
		F320DE7B1EEE8044005AF954 /* CetuDataInputViewController.swift */ = {isa = PBXFileReference; lastKnownFileType = sourcecode.swift; path = CetuDataInputViewController.swift; sourceTree = "<group>"; };
		F3235C421F6FB8F5003A0DCE /* QualityTrackingViewController.swift */ = {isa = PBXFileReference; lastKnownFileType = sourcecode.swift; path = QualityTrackingViewController.swift; sourceTree = "<group>"; };
		F32671C41EF7D39700121C9B /* YYAlertView.swift */ = {isa = PBXFileReference; lastKnownFileType = sourcecode.swift; path = YYAlertView.swift; sourceTree = "<group>"; };
		F3320AE81EE79BF800327DC7 /* ShopListViewController.swift */ = {isa = PBXFileReference; fileEncoding = 4; lastKnownFileType = sourcecode.swift; path = ShopListViewController.swift; sourceTree = "<group>"; };
		F3320AEA1EE7A4BE00327DC7 /* ShopModel.swift */ = {isa = PBXFileReference; fileEncoding = 4; lastKnownFileType = sourcecode.swift; path = ShopModel.swift; sourceTree = "<group>"; };
		F33FBB881EEF857C00F4B2A8 /* BuyFormulaPopView.swift */ = {isa = PBXFileReference; lastKnownFileType = sourcecode.swift; path = BuyFormulaPopView.swift; sourceTree = "<group>"; };
		F33FBB8A1EEF97DF00F4B2A8 /* CeTuAdviceViewController.swift */ = {isa = PBXFileReference; lastKnownFileType = sourcecode.swift; path = CeTuAdviceViewController.swift; sourceTree = "<group>"; };
		F33FBB8D1EEFBEDA00F4B2A8 /* MenuControl.swift */ = {isa = PBXFileReference; lastKnownFileType = sourcecode.swift; path = MenuControl.swift; sourceTree = "<group>"; };
		F33FBB971EEFDB2100F4B2A8 /* PlantManagerViewController.swift */ = {isa = PBXFileReference; lastKnownFileType = sourcecode.swift; path = PlantManagerViewController.swift; sourceTree = "<group>"; };
		F34C93531EE692F300091195 /* BaseConst.swift */ = {isa = PBXFileReference; fileEncoding = 4; lastKnownFileType = sourcecode.swift; path = BaseConst.swift; sourceTree = "<group>"; };
		F34C93551EE6991300091195 /* MessageModel.swift */ = {isa = PBXFileReference; fileEncoding = 4; lastKnownFileType = sourcecode.swift; path = MessageModel.swift; sourceTree = "<group>"; };
		F34C93581EE69EC400091195 /* LoanInsureViewController.swift */ = {isa = PBXFileReference; fileEncoding = 4; lastKnownFileType = sourcecode.swift; path = LoanInsureViewController.swift; sourceTree = "<group>"; };
		F34C935B1EE6A6D000091195 /* SettingsViewController.swift */ = {isa = PBXFileReference; fileEncoding = 4; lastKnownFileType = sourcecode.swift; path = SettingsViewController.swift; sourceTree = "<group>"; };
		F34C935D1EE6B58600091195 /* CacheManager.swift */ = {isa = PBXFileReference; fileEncoding = 4; lastKnownFileType = sourcecode.swift; path = CacheManager.swift; sourceTree = "<group>"; };
		F35BB75B1EE14CEF0032EC02 /* ANT_iOS.app */ = {isa = PBXFileReference; explicitFileType = wrapper.application; includeInIndex = 0; path = ANT_iOS.app; sourceTree = BUILT_PRODUCTS_DIR; };
		F35BB7601EE14CEF0032EC02 /* ViewController.swift */ = {isa = PBXFileReference; lastKnownFileType = sourcecode.swift; path = ViewController.swift; sourceTree = "<group>"; };
		F35BB7651EE14CEF0032EC02 /* Assets.xcassets */ = {isa = PBXFileReference; lastKnownFileType = folder.assetcatalog; path = Assets.xcassets; sourceTree = "<group>"; };
		F35BB7681EE14CEF0032EC02 /* Base */ = {isa = PBXFileReference; lastKnownFileType = file.storyboard; name = Base; path = Base.lproj/LaunchScreen.storyboard; sourceTree = "<group>"; };
		F35BB76A1EE14CEF0032EC02 /* Info.plist */ = {isa = PBXFileReference; lastKnownFileType = text.plist.xml; path = Info.plist; sourceTree = "<group>"; };
		F35BB7711EE14DC80032EC02 /* AppTabBarController.swift */ = {isa = PBXFileReference; fileEncoding = 4; lastKnownFileType = sourcecode.swift; path = AppTabBarController.swift; sourceTree = "<group>"; };
		F35BB77C1EE1503B0032EC02 /* AppNavigationController.swift */ = {isa = PBXFileReference; fileEncoding = 4; lastKnownFileType = sourcecode.swift; path = AppNavigationController.swift; sourceTree = "<group>"; };
		F35BB77F1EE163DD0032EC02 /* BaseViewController.swift */ = {isa = PBXFileReference; fileEncoding = 4; lastKnownFileType = sourcecode.swift; path = BaseViewController.swift; sourceTree = "<group>"; };
		F35BB7861EE16DCC0032EC02 /* Bridging-Header.h */ = {isa = PBXFileReference; fileEncoding = 4; lastKnownFileType = sourcecode.c.h; path = "Bridging-Header.h"; sourceTree = "<group>"; };
		F365D6771EE63C8900500391 /* FarmRecordCell.swift */ = {isa = PBXFileReference; fileEncoding = 4; lastKnownFileType = sourcecode.swift; path = FarmRecordCell.swift; sourceTree = "<group>"; };
		F365D6791EE6415B00500391 /* FarmActivityModel.swift */ = {isa = PBXFileReference; fileEncoding = 4; lastKnownFileType = sourcecode.swift; path = FarmActivityModel.swift; sourceTree = "<group>"; };
		F365D67C1EE6791700500391 /* CetuTypeViewController.swift */ = {isa = PBXFileReference; fileEncoding = 4; lastKnownFileType = sourcecode.swift; path = CetuTypeViewController.swift; sourceTree = "<group>"; };
		F365D6881EE67A4100500391 /* AppDelegate.swift */ = {isa = PBXFileReference; fileEncoding = 4; lastKnownFileType = sourcecode.swift; path = AppDelegate.swift; sourceTree = "<group>"; };
		F365D68E1EE67AAE00500391 /* TAAbstractDotView.h */ = {isa = PBXFileReference; fileEncoding = 4; lastKnownFileType = sourcecode.c.h; path = TAAbstractDotView.h; sourceTree = "<group>"; };
		F365D68F1EE67AAE00500391 /* TAAbstractDotView.m */ = {isa = PBXFileReference; fileEncoding = 4; lastKnownFileType = sourcecode.c.objc; path = TAAbstractDotView.m; sourceTree = "<group>"; };
		F365D6901EE67AAE00500391 /* TAAnimatedDotView.h */ = {isa = PBXFileReference; fileEncoding = 4; lastKnownFileType = sourcecode.c.h; path = TAAnimatedDotView.h; sourceTree = "<group>"; };
		F365D6911EE67AAE00500391 /* TAAnimatedDotView.m */ = {isa = PBXFileReference; fileEncoding = 4; lastKnownFileType = sourcecode.c.objc; path = TAAnimatedDotView.m; sourceTree = "<group>"; };
		F365D6921EE67AAE00500391 /* TADotView.h */ = {isa = PBXFileReference; fileEncoding = 4; lastKnownFileType = sourcecode.c.h; path = TADotView.h; sourceTree = "<group>"; };
		F365D6931EE67AAE00500391 /* TADotView.m */ = {isa = PBXFileReference; fileEncoding = 4; lastKnownFileType = sourcecode.c.objc; path = TADotView.m; sourceTree = "<group>"; };
		F365D6941EE67AAE00500391 /* TAPageControl.h */ = {isa = PBXFileReference; fileEncoding = 4; lastKnownFileType = sourcecode.c.h; path = TAPageControl.h; sourceTree = "<group>"; };
		F365D6951EE67AAE00500391 /* TAPageControl.m */ = {isa = PBXFileReference; fileEncoding = 4; lastKnownFileType = sourcecode.c.objc; path = TAPageControl.m; sourceTree = "<group>"; };
		F365D6961EE67AAE00500391 /* SDCollectionViewCell.h */ = {isa = PBXFileReference; fileEncoding = 4; lastKnownFileType = sourcecode.c.h; path = SDCollectionViewCell.h; sourceTree = "<group>"; };
		F365D6971EE67AAE00500391 /* SDCollectionViewCell.m */ = {isa = PBXFileReference; fileEncoding = 4; lastKnownFileType = sourcecode.c.objc; path = SDCollectionViewCell.m; sourceTree = "<group>"; };
		F365D6981EE67AAE00500391 /* SDCycleScrollView.h */ = {isa = PBXFileReference; fileEncoding = 4; lastKnownFileType = sourcecode.c.h; path = SDCycleScrollView.h; sourceTree = "<group>"; };
		F365D6991EE67AAE00500391 /* SDCycleScrollView.m */ = {isa = PBXFileReference; fileEncoding = 4; lastKnownFileType = sourcecode.c.objc; path = SDCycleScrollView.m; sourceTree = "<group>"; };
		F365D69A1EE67AAE00500391 /* UIView+SDExtension.h */ = {isa = PBXFileReference; fileEncoding = 4; lastKnownFileType = sourcecode.c.h; path = "UIView+SDExtension.h"; sourceTree = "<group>"; };
		F365D69B1EE67AAE00500391 /* UIView+SDExtension.m */ = {isa = PBXFileReference; fileEncoding = 4; lastKnownFileType = sourcecode.c.objc; path = "UIView+SDExtension.m"; sourceTree = "<group>"; };
		F365D69D1EE67AAE00500391 /* NSData+ImageContentType.h */ = {isa = PBXFileReference; fileEncoding = 4; lastKnownFileType = sourcecode.c.h; path = "NSData+ImageContentType.h"; sourceTree = "<group>"; };
		F365D69E1EE67AAE00500391 /* NSData+ImageContentType.m */ = {isa = PBXFileReference; fileEncoding = 4; lastKnownFileType = sourcecode.c.objc; path = "NSData+ImageContentType.m"; sourceTree = "<group>"; };
		F365D69F1EE67AAE00500391 /* SDImageCache.h */ = {isa = PBXFileReference; fileEncoding = 4; lastKnownFileType = sourcecode.c.h; path = SDImageCache.h; sourceTree = "<group>"; };
		F365D6A01EE67AAE00500391 /* SDImageCache.m */ = {isa = PBXFileReference; fileEncoding = 4; lastKnownFileType = sourcecode.c.objc; path = SDImageCache.m; sourceTree = "<group>"; };
		F365D6A11EE67AAE00500391 /* SDWebImageCompat.h */ = {isa = PBXFileReference; fileEncoding = 4; lastKnownFileType = sourcecode.c.h; path = SDWebImageCompat.h; sourceTree = "<group>"; };
		F365D6A21EE67AAE00500391 /* SDWebImageCompat.m */ = {isa = PBXFileReference; fileEncoding = 4; lastKnownFileType = sourcecode.c.objc; path = SDWebImageCompat.m; sourceTree = "<group>"; };
		F365D6A31EE67AAE00500391 /* SDWebImageDecoder.h */ = {isa = PBXFileReference; fileEncoding = 4; lastKnownFileType = sourcecode.c.h; path = SDWebImageDecoder.h; sourceTree = "<group>"; };
		F365D6A41EE67AAE00500391 /* SDWebImageDecoder.m */ = {isa = PBXFileReference; fileEncoding = 4; lastKnownFileType = sourcecode.c.objc; path = SDWebImageDecoder.m; sourceTree = "<group>"; };
		F365D6A51EE67AAE00500391 /* SDWebImageDownloader.h */ = {isa = PBXFileReference; fileEncoding = 4; lastKnownFileType = sourcecode.c.h; path = SDWebImageDownloader.h; sourceTree = "<group>"; };
		F365D6A61EE67AAE00500391 /* SDWebImageDownloader.m */ = {isa = PBXFileReference; fileEncoding = 4; lastKnownFileType = sourcecode.c.objc; path = SDWebImageDownloader.m; sourceTree = "<group>"; };
		F365D6A71EE67AAE00500391 /* SDWebImageDownloaderOperation.h */ = {isa = PBXFileReference; fileEncoding = 4; lastKnownFileType = sourcecode.c.h; path = SDWebImageDownloaderOperation.h; sourceTree = "<group>"; };
		F365D6A81EE67AAE00500391 /* SDWebImageDownloaderOperation.m */ = {isa = PBXFileReference; fileEncoding = 4; lastKnownFileType = sourcecode.c.objc; path = SDWebImageDownloaderOperation.m; sourceTree = "<group>"; };
		F365D6A91EE67AAE00500391 /* SDWebImageManager.h */ = {isa = PBXFileReference; fileEncoding = 4; lastKnownFileType = sourcecode.c.h; path = SDWebImageManager.h; sourceTree = "<group>"; };
		F365D6AA1EE67AAE00500391 /* SDWebImageManager.m */ = {isa = PBXFileReference; fileEncoding = 4; lastKnownFileType = sourcecode.c.objc; path = SDWebImageManager.m; sourceTree = "<group>"; };
		F365D6AB1EE67AAE00500391 /* SDWebImageOperation.h */ = {isa = PBXFileReference; fileEncoding = 4; lastKnownFileType = sourcecode.c.h; path = SDWebImageOperation.h; sourceTree = "<group>"; };
		F365D6AC1EE67AAE00500391 /* SDWebImagePrefetcher.h */ = {isa = PBXFileReference; fileEncoding = 4; lastKnownFileType = sourcecode.c.h; path = SDWebImagePrefetcher.h; sourceTree = "<group>"; };
		F365D6AD1EE67AAE00500391 /* SDWebImagePrefetcher.m */ = {isa = PBXFileReference; fileEncoding = 4; lastKnownFileType = sourcecode.c.objc; path = SDWebImagePrefetcher.m; sourceTree = "<group>"; };
		F365D6AE1EE67AAE00500391 /* UIButton+WebCache.h */ = {isa = PBXFileReference; fileEncoding = 4; lastKnownFileType = sourcecode.c.h; path = "UIButton+WebCache.h"; sourceTree = "<group>"; };
		F365D6AF1EE67AAE00500391 /* UIButton+WebCache.m */ = {isa = PBXFileReference; fileEncoding = 4; lastKnownFileType = sourcecode.c.objc; path = "UIButton+WebCache.m"; sourceTree = "<group>"; };
		F365D6B01EE67AAE00500391 /* UIImage+GIF.h */ = {isa = PBXFileReference; fileEncoding = 4; lastKnownFileType = sourcecode.c.h; path = "UIImage+GIF.h"; sourceTree = "<group>"; };
		F365D6B11EE67AAE00500391 /* UIImage+GIF.m */ = {isa = PBXFileReference; fileEncoding = 4; lastKnownFileType = sourcecode.c.objc; path = "UIImage+GIF.m"; sourceTree = "<group>"; };
		F365D6B21EE67AAE00500391 /* UIImage+MultiFormat.h */ = {isa = PBXFileReference; fileEncoding = 4; lastKnownFileType = sourcecode.c.h; path = "UIImage+MultiFormat.h"; sourceTree = "<group>"; };
		F365D6B31EE67AAE00500391 /* UIImage+MultiFormat.m */ = {isa = PBXFileReference; fileEncoding = 4; lastKnownFileType = sourcecode.c.objc; path = "UIImage+MultiFormat.m"; sourceTree = "<group>"; };
		F365D6B41EE67AAE00500391 /* UIImageView+HighlightedWebCache.h */ = {isa = PBXFileReference; fileEncoding = 4; lastKnownFileType = sourcecode.c.h; path = "UIImageView+HighlightedWebCache.h"; sourceTree = "<group>"; };
		F365D6B51EE67AAE00500391 /* UIImageView+HighlightedWebCache.m */ = {isa = PBXFileReference; fileEncoding = 4; lastKnownFileType = sourcecode.c.objc; path = "UIImageView+HighlightedWebCache.m"; sourceTree = "<group>"; };
		F365D6B61EE67AAE00500391 /* UIImageView+WebCache.h */ = {isa = PBXFileReference; fileEncoding = 4; lastKnownFileType = sourcecode.c.h; path = "UIImageView+WebCache.h"; sourceTree = "<group>"; };
		F365D6B71EE67AAE00500391 /* UIImageView+WebCache.m */ = {isa = PBXFileReference; fileEncoding = 4; lastKnownFileType = sourcecode.c.objc; path = "UIImageView+WebCache.m"; sourceTree = "<group>"; };
		F365D6B81EE67AAE00500391 /* UIView+WebCacheOperation.h */ = {isa = PBXFileReference; fileEncoding = 4; lastKnownFileType = sourcecode.c.h; path = "UIView+WebCacheOperation.h"; sourceTree = "<group>"; };
		F365D6B91EE67AAE00500391 /* UIView+WebCacheOperation.m */ = {isa = PBXFileReference; fileEncoding = 4; lastKnownFileType = sourcecode.c.objc; path = "UIView+WebCacheOperation.m"; sourceTree = "<group>"; };
		F365D6DF1EE67AAE00500391 /* NSObject+YYModel.h */ = {isa = PBXFileReference; fileEncoding = 4; lastKnownFileType = sourcecode.c.h; path = "NSObject+YYModel.h"; sourceTree = "<group>"; };
		F365D6E01EE67AAE00500391 /* NSObject+YYModel.m */ = {isa = PBXFileReference; fileEncoding = 4; lastKnownFileType = sourcecode.c.objc; path = "NSObject+YYModel.m"; sourceTree = "<group>"; };
		F365D6E11EE67AAE00500391 /* YYClassInfo.h */ = {isa = PBXFileReference; fileEncoding = 4; lastKnownFileType = sourcecode.c.h; path = YYClassInfo.h; sourceTree = "<group>"; };
		F365D6E21EE67AAE00500391 /* YYClassInfo.m */ = {isa = PBXFileReference; fileEncoding = 4; lastKnownFileType = sourcecode.c.objc; path = YYClassInfo.m; sourceTree = "<group>"; };
		F365D6E31EE67AAE00500391 /* YYModel.h */ = {isa = PBXFileReference; fileEncoding = 4; lastKnownFileType = sourcecode.c.h; path = YYModel.h; sourceTree = "<group>"; };
		F365D71E1EE67B1700500391 /* AppCommon.h */ = {isa = PBXFileReference; fileEncoding = 4; lastKnownFileType = sourcecode.c.h; path = AppCommon.h; sourceTree = "<group>"; };
		F365D71F1EE67B1700500391 /* AppCommon.m */ = {isa = PBXFileReference; fileEncoding = 4; lastKnownFileType = sourcecode.c.objc; path = AppCommon.m; sourceTree = "<group>"; };
		F37600D41F788BCB00E9A242 /* UMSocialSwiftInterface.swift */ = {isa = PBXFileReference; lastKnownFileType = sourcecode.swift; path = UMSocialSwiftInterface.swift; sourceTree = "<group>"; };
		F376B1F91F04EFB800447696 /* NewsViewController.swift */ = {isa = PBXFileReference; fileEncoding = 4; lastKnownFileType = sourcecode.swift; path = NewsViewController.swift; sourceTree = "<group>"; };
		F37BDDB01F6A62C000641D76 /* ImageModel.swift */ = {isa = PBXFileReference; fileEncoding = 4; lastKnownFileType = sourcecode.swift; path = ImageModel.swift; sourceTree = "<group>"; };
		F38504731F7B6E27008DD007 /* WebThingViewController.swift */ = {isa = PBXFileReference; lastKnownFileType = sourcecode.swift; path = WebThingViewController.swift; sourceTree = "<group>"; };
		F38AA1861F709FE300CA9547 /* TraceStep1ViewController.swift */ = {isa = PBXFileReference; lastKnownFileType = sourcecode.swift; path = TraceStep1ViewController.swift; sourceTree = "<group>"; };
		F38AA1881F70A13600CA9547 /* TraceStepView.swift */ = {isa = PBXFileReference; lastKnownFileType = sourcecode.swift; path = TraceStepView.swift; sourceTree = "<group>"; };
		F38AA18A1F70B0C100CA9547 /* TraceStep2ViewController.swift */ = {isa = PBXFileReference; lastKnownFileType = sourcecode.swift; path = TraceStep2ViewController.swift; sourceTree = "<group>"; };
		F38AA18C1F70B33300CA9547 /* CustomPageControl.swift */ = {isa = PBXFileReference; lastKnownFileType = sourcecode.swift; path = CustomPageControl.swift; sourceTree = "<group>"; };
		F38AA18E1F70EC6A00CA9547 /* CharacteristicCell.swift */ = {isa = PBXFileReference; lastKnownFileType = sourcecode.swift; path = CharacteristicCell.swift; sourceTree = "<group>"; };
		F398558A1EE8EBE80042990C /* AddressListViewController.swift */ = {isa = PBXFileReference; fileEncoding = 4; lastKnownFileType = sourcecode.swift; path = AddressListViewController.swift; sourceTree = "<group>"; };
		F398558C1EE8F1920042990C /* AddressModel.swift */ = {isa = PBXFileReference; fileEncoding = 4; lastKnownFileType = sourcecode.swift; path = AddressModel.swift; sourceTree = "<group>"; };
		F39855941EE8FDF20042990C /* VerticalButton.swift */ = {isa = PBXFileReference; fileEncoding = 4; lastKnownFileType = sourcecode.swift; path = VerticalButton.swift; sourceTree = "<group>"; };
		F39855961EE927A10042990C /* AddressEditViewController.swift */ = {isa = PBXFileReference; fileEncoding = 4; lastKnownFileType = sourcecode.swift; path = AddressEditViewController.swift; sourceTree = "<group>"; };
		F39855991EE93C870042990C /* SelectAreaAlert.swift */ = {isa = PBXFileReference; fileEncoding = 4; lastKnownFileType = sourcecode.swift; path = SelectAreaAlert.swift; sourceTree = "<group>"; };
		F398559B1EE954690042990C /* CommonUtils.swift */ = {isa = PBXFileReference; fileEncoding = 4; lastKnownFileType = sourcecode.swift; path = CommonUtils.swift; sourceTree = "<group>"; };
		F399DDD01EF38F6A0012AD94 /* AppTabBar.swift */ = {isa = PBXFileReference; lastKnownFileType = sourcecode.swift; path = AppTabBar.swift; sourceTree = "<group>"; };
		F399DDD61EF3DA9B0012AD94 /* UIImage+Additions.swift */ = {isa = PBXFileReference; lastKnownFileType = sourcecode.swift; path = "UIImage+Additions.swift"; sourceTree = "<group>"; };
		F3A1D0DA1F04F2290008F051 /* UIColor+ImageGetColor.h */ = {isa = PBXFileReference; fileEncoding = 4; lastKnownFileType = sourcecode.c.h; path = "UIColor+ImageGetColor.h"; sourceTree = "<group>"; };
		F3A1D0DB1F04F2290008F051 /* UIColor+ImageGetColor.m */ = {isa = PBXFileReference; fileEncoding = 4; lastKnownFileType = sourcecode.c.objc; path = "UIColor+ImageGetColor.m"; sourceTree = "<group>"; };
		F3A1D12E1F04F7020008F051 /* PublishViewController.swift */ = {isa = PBXFileReference; lastKnownFileType = sourcecode.swift; path = PublishViewController.swift; sourceTree = "<group>"; };
		F3A1D1311F04FF4C0008F051 /* BaseTableViewDataSource.swift */ = {isa = PBXFileReference; lastKnownFileType = sourcecode.swift; path = BaseTableViewDataSource.swift; sourceTree = "<group>"; };
		F3B764F91EEF73E1009FF0BE /* PopUpPickerView.swift */ = {isa = PBXFileReference; lastKnownFileType = sourcecode.swift; path = PopUpPickerView.swift; sourceTree = "<group>"; };
		F3BB46201F69234C00E0539C /* FieldsManagerViewController.swift */ = {isa = PBXFileReference; fileEncoding = 4; lastKnownFileType = sourcecode.swift; path = FieldsManagerViewController.swift; sourceTree = "<group>"; };
		F3BB46221F69267800E0539C /* FieldsTableViewController.swift */ = {isa = PBXFileReference; fileEncoding = 4; lastKnownFileType = sourcecode.swift; path = FieldsTableViewController.swift; sourceTree = "<group>"; };
		F3BB46241F69269400E0539C /* FieldsMapViewController.swift */ = {isa = PBXFileReference; fileEncoding = 4; lastKnownFileType = sourcecode.swift; path = FieldsMapViewController.swift; sourceTree = "<group>"; };
		F3BB462A1F6939FE00E0539C /* FieldGroupModel.swift */ = {isa = PBXFileReference; fileEncoding = 4; lastKnownFileType = sourcecode.swift; path = FieldGroupModel.swift; sourceTree = "<group>"; };
		F3D0A6641F6FC27900464265 /* QualityTrackModel.swift */ = {isa = PBXFileReference; lastKnownFileType = sourcecode.swift; path = QualityTrackModel.swift; sourceTree = "<group>"; };
		F3D16B211F70F11B00985E30 /* TraceStep3ViewController.swift */ = {isa = PBXFileReference; lastKnownFileType = sourcecode.swift; path = TraceStep3ViewController.swift; sourceTree = "<group>"; };
		F3D16B231F70FBAF00985E30 /* TraceStep4ViewController.swift */ = {isa = PBXFileReference; lastKnownFileType = sourcecode.swift; path = TraceStep4ViewController.swift; sourceTree = "<group>"; };
		F3D16B251F71025400985E30 /* TraceStep5ViewController.swift */ = {isa = PBXFileReference; lastKnownFileType = sourcecode.swift; path = TraceStep5ViewController.swift; sourceTree = "<group>"; };
		F3D16B271F71038300985E30 /* AddTraceCompleteViewController.swift */ = {isa = PBXFileReference; lastKnownFileType = sourcecode.swift; path = AddTraceCompleteViewController.swift; sourceTree = "<group>"; };
		F3D16B291F7104A000985E30 /* QualityTracDetailsViewController.swift */ = {isa = PBXFileReference; lastKnownFileType = sourcecode.swift; path = QualityTracDetailsViewController.swift; sourceTree = "<group>"; };
		F3D677371EE55EBB00BEB029 /* CropsCollectionView.swift */ = {isa = PBXFileReference; fileEncoding = 4; lastKnownFileType = sourcecode.swift; path = CropsCollectionView.swift; sourceTree = "<group>"; };
		F3D6773A1EE5625500BEB029 /* PlantModel.swift */ = {isa = PBXFileReference; fileEncoding = 4; lastKnownFileType = sourcecode.swift; path = PlantModel.swift; sourceTree = "<group>"; };
		F3D84DF91F6BC5A4008573E3 /* YYSheetView.swift */ = {isa = PBXFileReference; lastKnownFileType = sourcecode.swift; path = YYSheetView.swift; sourceTree = "<group>"; };
		F3E6C8CB1F6F61FF00E2E45C /* YYAdvertScrollView.swift */ = {isa = PBXFileReference; lastKnownFileType = sourcecode.swift; path = YYAdvertScrollView.swift; sourceTree = "<group>"; };
		F3EE54DB1F05F88E004A9523 /* NewsTableViewCell.swift */ = {isa = PBXFileReference; lastKnownFileType = sourcecode.swift; path = NewsTableViewCell.swift; sourceTree = "<group>"; };
		F3EE54DD1F063830004A9523 /* popMenvTopView.h */ = {isa = PBXFileReference; fileEncoding = 4; lastKnownFileType = sourcecode.c.h; name = popMenvTopView.h; path = "../../../../../../宇玄丶/各种Demo/OC/HyPopMenuView-master/HyPopMenuView/popMenvTopView.h"; sourceTree = "<group>"; };
		F3EE54DE1F063830004A9523 /* popMenvTopView.xib */ = {isa = PBXFileReference; fileEncoding = 4; lastKnownFileType = file.xib; name = popMenvTopView.xib; path = "../../../../../../宇玄丶/各种Demo/OC/HyPopMenuView-master/HyPopMenuView/popMenvTopView.xib"; sourceTree = "<group>"; };
		F3EE54DF1F063830004A9523 /* popMenvTopView.m */ = {isa = PBXFileReference; fileEncoding = 4; lastKnownFileType = sourcecode.c.objc; name = popMenvTopView.m; path = "../../../../../../宇玄丶/各种Demo/OC/HyPopMenuView-master/HyPopMenuView/popMenvTopView.m"; sourceTree = "<group>"; };
		F3EE54E21F064537004A9523 /* NewsModel.swift */ = {isa = PBXFileReference; lastKnownFileType = sourcecode.swift; path = NewsModel.swift; sourceTree = "<group>"; };
		F3F586831EE407FD0018412D /* HomeViewController.swift */ = {isa = PBXFileReference; fileEncoding = 4; lastKnownFileType = sourcecode.swift; path = HomeViewController.swift; sourceTree = "<group>"; };
		F3F5870B1EE4375D0018412D /* HomeModuleCollectionView.swift */ = {isa = PBXFileReference; fileEncoding = 4; lastKnownFileType = sourcecode.swift; path = HomeModuleCollectionView.swift; sourceTree = "<group>"; };
		F3F5870E1EE439EB0018412D /* NotificationViewController.swift */ = {isa = PBXFileReference; fileEncoding = 4; lastKnownFileType = sourcecode.swift; path = NotificationViewController.swift; sourceTree = "<group>"; };
		F3F587121EE43BC40018412D /* UIColor+Addtions.swift */ = {isa = PBXFileReference; fileEncoding = 4; lastKnownFileType = sourcecode.swift; path = "UIColor+Addtions.swift"; sourceTree = "<group>"; };
		F3F587151EE43CAD0018412D /* CircleViewController.swift */ = {isa = PBXFileReference; fileEncoding = 4; lastKnownFileType = sourcecode.swift; path = CircleViewController.swift; sourceTree = "<group>"; };
		F3F587171EE43CAD0018412D /* FarmViewController.swift */ = {isa = PBXFileReference; fileEncoding = 4; lastKnownFileType = sourcecode.swift; path = FarmViewController.swift; sourceTree = "<group>"; };
		F3F587191EE43CAD0018412D /* MineViewController.swift */ = {isa = PBXFileReference; fileEncoding = 4; lastKnownFileType = sourcecode.swift; path = MineViewController.swift; sourceTree = "<group>"; };
		F3F782041F6632B2007C5768 /* HyPopMenuView.h */ = {isa = PBXFileReference; fileEncoding = 4; lastKnownFileType = sourcecode.c.h; path = HyPopMenuView.h; sourceTree = "<group>"; };
		F3F782051F6632B2007C5768 /* HyPopMenuView.m */ = {isa = PBXFileReference; fileEncoding = 4; lastKnownFileType = sourcecode.c.objc; path = HyPopMenuView.m; sourceTree = "<group>"; };
		F3F782061F6632B2007C5768 /* PopMenuButton.h */ = {isa = PBXFileReference; fileEncoding = 4; lastKnownFileType = sourcecode.c.h; path = PopMenuButton.h; sourceTree = "<group>"; };
		F3F782071F6632B2007C5768 /* PopMenuButton.m */ = {isa = PBXFileReference; fileEncoding = 4; lastKnownFileType = sourcecode.c.objc; path = PopMenuButton.m; sourceTree = "<group>"; };
		F3F782081F6632B2007C5768 /* PopMenuModel.h */ = {isa = PBXFileReference; fileEncoding = 4; lastKnownFileType = sourcecode.c.h; path = PopMenuModel.h; sourceTree = "<group>"; };
		F3F782091F6632B2007C5768 /* PopMenuModel.m */ = {isa = PBXFileReference; fileEncoding = 4; lastKnownFileType = sourcecode.c.objc; path = PopMenuModel.m; sourceTree = "<group>"; };
		F3FC1E871EE7E09D00CD66E1 /* WebThingsViewController.swift */ = {isa = PBXFileReference; fileEncoding = 4; lastKnownFileType = sourcecode.swift; path = WebThingsViewController.swift; sourceTree = "<group>"; };
		F3FC1E891EE7E2EA00CD66E1 /* webthing */ = {isa = PBXFileReference; lastKnownFileType = folder; path = webthing; sourceTree = "<group>"; };
		F3FCEAAC1F7C84CE00148C09 /* PopupMenu.swift */ = {isa = PBXFileReference; lastKnownFileType = sourcecode.swift; path = PopupMenu.swift; sourceTree = "<group>"; };
/* End PBXFileReference section */

/* Begin PBXFrameworksBuildPhase section */
		F35BB7581EE14CEF0032EC02 /* Frameworks */ = {
			isa = PBXFrameworksBuildPhase;
			buildActionMask = 2147483647;
			files = (
				D4031E97425D8295BF9D115C /* Pods_ANT_iOS.framework in Frameworks */,
			);
			runOnlyForDeploymentPostprocessing = 0;
		};
/* End PBXFrameworksBuildPhase section */

/* Begin PBXGroup section */
		B807C1F0A7796CE2E520B8F4 /* Frameworks */ = {
			isa = PBXGroup;
			children = (
				C3D2928A46DF521094C213F0 /* Pods_ANT_iOS.framework */,
			);
			name = Frameworks;
			sourceTree = "<group>";
		};
		F314B33F1F67778D00AAB40B /* Network */ = {
			isa = PBXGroup;
			children = (
			);
			path = Network;
			sourceTree = "<group>";
		};
		F314B3581F67C9BF00AAB40B /* IconFont */ = {
			isa = PBXGroup;
			children = (
				F314B35D1F67D21700AAB40B /* TBCityIconFont.h */,
				F314B35E1F67D21700AAB40B /* TBCityIconFont.m */,
				F314B35F1F67D21700AAB40B /* TBCityIconInfo.h */,
				F314B3601F67D21700AAB40B /* TBCityIconInfo.m */,
				F314B3611F67D21700AAB40B /* UIImage+TBCityIconFont.h */,
				F314B3621F67D21700AAB40B /* UIImage+TBCityIconFont.m */,
			);
			path = IconFont;
			sourceTree = "<group>";
		};
		F3235C411F6FB8D3003A0DCE /* QualityTracking */ = {
			isa = PBXGroup;
			children = (
				F3235C421F6FB8F5003A0DCE /* QualityTrackingViewController.swift */,
				F3D16B291F7104A000985E30 /* QualityTracDetailsViewController.swift */,
				F38AA1861F709FE300CA9547 /* TraceStep1ViewController.swift */,
				F38AA18A1F70B0C100CA9547 /* TraceStep2ViewController.swift */,
				F3D16B211F70F11B00985E30 /* TraceStep3ViewController.swift */,
				F3D16B231F70FBAF00985E30 /* TraceStep4ViewController.swift */,
				F3D16B251F71025400985E30 /* TraceStep5ViewController.swift */,
				F3D16B271F71038300985E30 /* AddTraceCompleteViewController.swift */,
				F38AA1881F70A13600CA9547 /* TraceStepView.swift */,
			);
			path = QualityTracking;
			sourceTree = "<group>";
		};
		F3320AE71EE79BE200327DC7 /* Shop */ = {
			isa = PBXGroup;
			children = (
				F3320AE81EE79BF800327DC7 /* ShopListViewController.swift */,
			);
			path = Shop;
			sourceTree = "<group>";
		};
		F33FBB961EEFDB0900F4B2A8 /* PlantManager */ = {
			isa = PBXGroup;
			children = (
				F33FBB971EEFDB2100F4B2A8 /* PlantManagerViewController.swift */,
			);
			path = PlantManager;
			sourceTree = "<group>";
		};
		F34C93571EE69EAF00091195 /* Loan */ = {
			isa = PBXGroup;
			children = (
				F34C93581EE69EC400091195 /* LoanInsureViewController.swift */,
			);
			path = Loan;
			sourceTree = "<group>";
		};
		F34C935A1EE6A6C500091195 /* Setting */ = {
			isa = PBXGroup;
			children = (
				F34C935B1EE6A6D000091195 /* SettingsViewController.swift */,
			);
			path = Setting;
			sourceTree = "<group>";
		};
		F35BB7521EE14CEF0032EC02 = {
			isa = PBXGroup;
			children = (
				F35BB75D1EE14CEF0032EC02 /* ANT_iOS */,
				F35BB75C1EE14CEF0032EC02 /* Products */,
				FC01FD51F34BE930C40425C2 /* Pods */,
				B807C1F0A7796CE2E520B8F4 /* Frameworks */,
			);
			sourceTree = "<group>";
		};
		F35BB75C1EE14CEF0032EC02 /* Products */ = {
			isa = PBXGroup;
			children = (
				F35BB75B1EE14CEF0032EC02 /* ANT_iOS.app */,
			);
			name = Products;
			sourceTree = "<group>";
		};
		F35BB75D1EE14CEF0032EC02 /* ANT_iOS */ = {
			isa = PBXGroup;
			children = (
				F35BB7651EE14CEF0032EC02 /* Assets.xcassets */,
				F365D6871EE67A4100500391 /* AppDelegate */,
				F35BB7701EE14DA50032EC02 /* Base */,
				F35BB7731EE14DEF0032EC02 /* Modules */,
				F365D71D1EE67ADC00500391 /* Manager */,
				F3D677391EE5624800BEB029 /* Models */,
				F314B33F1F67778D00AAB40B /* Network */,
				F3F587101EE43B3E0018412D /* Component */,
				F365D68A1EE67A8600500391 /* Utils */,
				F365D68B1EE67AAE00500391 /* Resources */,
				F365D6861EE67A1B00500391 /* Others */,
			);
			path = ANT_iOS;
			sourceTree = "<group>";
		};
		F35BB7701EE14DA50032EC02 /* Base */ = {
			isa = PBXGroup;
			children = (
				F35BB77F1EE163DD0032EC02 /* BaseViewController.swift */,
				F35BB7711EE14DC80032EC02 /* AppTabBarController.swift */,
				F399DDD01EF38F6A0012AD94 /* AppTabBar.swift */,
				F35BB77C1EE1503B0032EC02 /* AppNavigationController.swift */,
				F34C93531EE692F300091195 /* BaseConst.swift */,
				F3A1D1301F04FF0C0008F051 /* BaseTableView */,
			);
			path = Base;
			sourceTree = "<group>";
		};
		F35BB7731EE14DEF0032EC02 /* Modules */ = {
			isa = PBXGroup;
			children = (
				F3F586821EE407FD0018412D /* Home */,
				F3F587161EE43CAD0018412D /* Farm */,
				F3F587141EE43CAD0018412D /* Circle */,
				F3F587181EE43CAD0018412D /* Mine */,
			);
			path = Modules;
			sourceTree = "<group>";
		};
		F365D66F1EE63B1C00500391 /* FarmActivity */ = {
			isa = PBXGroup;
			children = (
				F365D6771EE63C8900500391 /* FarmRecordCell.swift */,
			);
			path = FarmActivity;
			sourceTree = "<group>";
		};
		F365D67B1EE6602D00500391 /* CeTu */ = {
			isa = PBXGroup;
			children = (
				F365D67C1EE6791700500391 /* CetuTypeViewController.swift */,
				F320DE751EEE669A005AF954 /* CetuViewController.swift */,
				F320DE7B1EEE8044005AF954 /* CetuDataInputViewController.swift */,
				F33FBB881EEF857C00F4B2A8 /* BuyFormulaPopView.swift */,
				F33FBB8A1EEF97DF00F4B2A8 /* CeTuAdviceViewController.swift */,
			);
			path = CeTu;
			sourceTree = "<group>";
		};
		F365D6861EE67A1B00500391 /* Others */ = {
			isa = PBXGroup;
			children = (
				F35BB7861EE16DCC0032EC02 /* Bridging-Header.h */,
				F35BB7601EE14CEF0032EC02 /* ViewController.swift */,
				F35BB7671EE14CEF0032EC02 /* LaunchScreen.storyboard */,
				F35BB76A1EE14CEF0032EC02 /* Info.plist */,
			);
			name = Others;
			sourceTree = "<group>";
		};
		F365D6871EE67A4100500391 /* AppDelegate */ = {
			isa = PBXGroup;
			children = (
				F365D6881EE67A4100500391 /* AppDelegate.swift */,
			);
			path = AppDelegate;
			sourceTree = "<group>";
		};
		F365D68A1EE67A8600500391 /* Utils */ = {
			isa = PBXGroup;
			children = (
				F365D71E1EE67B1700500391 /* AppCommon.h */,
				F365D71F1EE67B1700500391 /* AppCommon.m */,
				F398559B1EE954690042990C /* CommonUtils.swift */,
			);
			path = Utils;
			sourceTree = "<group>";
		};
		F365D68B1EE67AAE00500391 /* Resources */ = {
			isa = PBXGroup;
			children = (
				F314B3661F67D2E600AAB40B /* iconfont.ttf */,
				F3FC1E891EE7E2EA00CD66E1 /* webthing */,
				F365D68C1EE67AAE00500391 /* SDCycleScrollView */,
				F365D69C1EE67AAE00500391 /* SDWebImage */,
				F365D6DE1EE67AAE00500391 /* YYModel */,
			);
			path = Resources;
			sourceTree = "<group>";
		};
		F365D68C1EE67AAE00500391 /* SDCycleScrollView */ = {
			isa = PBXGroup;
			children = (
				F365D68D1EE67AAE00500391 /* PageControl */,
				F365D6961EE67AAE00500391 /* SDCollectionViewCell.h */,
				F365D6971EE67AAE00500391 /* SDCollectionViewCell.m */,
				F365D6981EE67AAE00500391 /* SDCycleScrollView.h */,
				F365D6991EE67AAE00500391 /* SDCycleScrollView.m */,
				F365D69A1EE67AAE00500391 /* UIView+SDExtension.h */,
				F365D69B1EE67AAE00500391 /* UIView+SDExtension.m */,
			);
			path = SDCycleScrollView;
			sourceTree = "<group>";
		};
		F365D68D1EE67AAE00500391 /* PageControl */ = {
			isa = PBXGroup;
			children = (
				F365D68E1EE67AAE00500391 /* TAAbstractDotView.h */,
				F365D68F1EE67AAE00500391 /* TAAbstractDotView.m */,
				F365D6901EE67AAE00500391 /* TAAnimatedDotView.h */,
				F365D6911EE67AAE00500391 /* TAAnimatedDotView.m */,
				F365D6921EE67AAE00500391 /* TADotView.h */,
				F365D6931EE67AAE00500391 /* TADotView.m */,
				F365D6941EE67AAE00500391 /* TAPageControl.h */,
				F365D6951EE67AAE00500391 /* TAPageControl.m */,
			);
			path = PageControl;
			sourceTree = "<group>";
		};
		F365D69C1EE67AAE00500391 /* SDWebImage */ = {
			isa = PBXGroup;
			children = (
				F365D69D1EE67AAE00500391 /* NSData+ImageContentType.h */,
				F365D69E1EE67AAE00500391 /* NSData+ImageContentType.m */,
				F365D69F1EE67AAE00500391 /* SDImageCache.h */,
				F365D6A01EE67AAE00500391 /* SDImageCache.m */,
				F365D6A11EE67AAE00500391 /* SDWebImageCompat.h */,
				F365D6A21EE67AAE00500391 /* SDWebImageCompat.m */,
				F365D6A31EE67AAE00500391 /* SDWebImageDecoder.h */,
				F365D6A41EE67AAE00500391 /* SDWebImageDecoder.m */,
				F365D6A51EE67AAE00500391 /* SDWebImageDownloader.h */,
				F365D6A61EE67AAE00500391 /* SDWebImageDownloader.m */,
				F365D6A71EE67AAE00500391 /* SDWebImageDownloaderOperation.h */,
				F365D6A81EE67AAE00500391 /* SDWebImageDownloaderOperation.m */,
				F365D6A91EE67AAE00500391 /* SDWebImageManager.h */,
				F365D6AA1EE67AAE00500391 /* SDWebImageManager.m */,
				F365D6AB1EE67AAE00500391 /* SDWebImageOperation.h */,
				F365D6AC1EE67AAE00500391 /* SDWebImagePrefetcher.h */,
				F365D6AD1EE67AAE00500391 /* SDWebImagePrefetcher.m */,
				F365D6AE1EE67AAE00500391 /* UIButton+WebCache.h */,
				F365D6AF1EE67AAE00500391 /* UIButton+WebCache.m */,
				F365D6B01EE67AAE00500391 /* UIImage+GIF.h */,
				F365D6B11EE67AAE00500391 /* UIImage+GIF.m */,
				F365D6B21EE67AAE00500391 /* UIImage+MultiFormat.h */,
				F365D6B31EE67AAE00500391 /* UIImage+MultiFormat.m */,
				F365D6B41EE67AAE00500391 /* UIImageView+HighlightedWebCache.h */,
				F365D6B51EE67AAE00500391 /* UIImageView+HighlightedWebCache.m */,
				F365D6B61EE67AAE00500391 /* UIImageView+WebCache.h */,
				F365D6B71EE67AAE00500391 /* UIImageView+WebCache.m */,
				F365D6B81EE67AAE00500391 /* UIView+WebCacheOperation.h */,
				F365D6B91EE67AAE00500391 /* UIView+WebCacheOperation.m */,
			);
			path = SDWebImage;
			sourceTree = "<group>";
		};
		F365D6DE1EE67AAE00500391 /* YYModel */ = {
			isa = PBXGroup;
			children = (
				F365D6DF1EE67AAE00500391 /* NSObject+YYModel.h */,
				F365D6E01EE67AAE00500391 /* NSObject+YYModel.m */,
				F365D6E11EE67AAE00500391 /* YYClassInfo.h */,
				F365D6E21EE67AAE00500391 /* YYClassInfo.m */,
				F365D6E31EE67AAE00500391 /* YYModel.h */,
			);
			path = YYModel;
			sourceTree = "<group>";
		};
		F365D71D1EE67ADC00500391 /* Manager */ = {
			isa = PBXGroup;
			children = (
				F34C935D1EE6B58600091195 /* CacheManager.swift */,
				F30EEEE41EF767A100C6A9FF /* VersionManager.swift */,
				F37600D41F788BCB00E9A242 /* UMSocialSwiftInterface.swift */,
			);
			path = Manager;
			sourceTree = "<group>";
		};
		F376B1F81F04EF9400447696 /* News */ = {
			isa = PBXGroup;
			children = (
				F376B1F91F04EFB800447696 /* NewsViewController.swift */,
				F3EE54DB1F05F88E004A9523 /* NewsTableViewCell.swift */,
			);
			name = News;
			sourceTree = "<group>";
		};
		F39855891EE8EBD90042990C /* Address */ = {
			isa = PBXGroup;
			children = (
				F398558A1EE8EBE80042990C /* AddressListViewController.swift */,
				F39855961EE927A10042990C /* AddressEditViewController.swift */,
			);
			path = Address;
			sourceTree = "<group>";
		};
		F3A1D12D1F04F6F30008F051 /* Publish */ = {
			isa = PBXGroup;
			children = (
				F3A1D12E1F04F7020008F051 /* PublishViewController.swift */,
			);
			name = Publish;
			sourceTree = "<group>";
		};
		F3A1D1301F04FF0C0008F051 /* BaseTableView */ = {
			isa = PBXGroup;
			children = (
				F3A1D1311F04FF4C0008F051 /* BaseTableViewDataSource.swift */,
				F314B2CD1F6769EA00AAB40B /* BaseTableViewDelegate.swift */,
				F314B2CF1F6770DD00AAB40B /* BaseTableViewCell.swift */,
			);
			path = BaseTableView;
			sourceTree = "<group>";
		};
		F3B764F81EEF73B3009FF0BE /* PopupMenu */ = {
			isa = PBXGroup;
			children = (
				F3B764F91EEF73E1009FF0BE /* PopUpPickerView.swift */,
				F3F782041F6632B2007C5768 /* HyPopMenuView.h */,
				F3F782051F6632B2007C5768 /* HyPopMenuView.m */,
				F3F782061F6632B2007C5768 /* PopMenuButton.h */,
				F3F782071F6632B2007C5768 /* PopMenuButton.m */,
				F3F782081F6632B2007C5768 /* PopMenuModel.h */,
				F3F782091F6632B2007C5768 /* PopMenuModel.m */,
				F3A1D0DA1F04F2290008F051 /* UIColor+ImageGetColor.h */,
				F3A1D0DB1F04F2290008F051 /* UIColor+ImageGetColor.m */,
				F3EE54DE1F063830004A9523 /* popMenvTopView.xib */,
				F3EE54DD1F063830004A9523 /* popMenvTopView.h */,
				F3EE54DF1F063830004A9523 /* popMenvTopView.m */,
			);
			path = PopupMenu;
			sourceTree = "<group>";
		};
		F3BB461F1F69231000E0539C /* FieldsManager */ = {
			isa = PBXGroup;
			children = (
				F3BB46201F69234C00E0539C /* FieldsManagerViewController.swift */,
				F3BB46221F69267800E0539C /* FieldsTableViewController.swift */,
				F3BB46241F69269400E0539C /* FieldsMapViewController.swift */,
			);
			path = FieldsManager;
			sourceTree = "<group>";
		};
		F3D677321EE5584F00BEB029 /* Classes */ = {
			isa = PBXGroup;
			children = (
				F3FCEAAC1F7C84CE00148C09 /* PopupMenu.swift */,
				F38AA18E1F70EC6A00CA9547 /* CharacteristicCell.swift */,
				F38AA18C1F70B33300CA9547 /* CustomPageControl.swift */,
				F3E6C8CB1F6F61FF00E2E45C /* YYAdvertScrollView.swift */,
				F3D84DF91F6BC5A4008573E3 /* YYSheetView.swift */,
				F32671C41EF7D39700121C9B /* YYAlertView.swift */,
				F30EEEE21EF7599100C6A9FF /* VersionAlertView.swift */,
				F307E6161F68B7E4001664C8 /* InputDialog.swift */,
				F33FBB8D1EEFBEDA00F4B2A8 /* MenuControl.swift */,
				F39855991EE93C870042990C /* SelectAreaAlert.swift */,
				F314B3581F67C9BF00AAB40B /* IconFont */,
				F3B764F81EEF73B3009FF0BE /* PopupMenu */,
			);
			path = Classes;
			sourceTree = "<group>";
		};
		F3D677391EE5624800BEB029 /* Models */ = {
			isa = PBXGroup;
			children = (
				F3D6773A1EE5625500BEB029 /* PlantModel.swift */,
				F365D6791EE6415B00500391 /* FarmActivityModel.swift */,
				F34C93551EE6991300091195 /* MessageModel.swift */,
				F3320AEA1EE7A4BE00327DC7 /* ShopModel.swift */,
				F398558C1EE8F1920042990C /* AddressModel.swift */,
				F320DE771EEE7114005AF954 /* FormulaModel.swift */,
				F3EE54E21F064537004A9523 /* NewsModel.swift */,
				F3BB462A1F6939FE00E0539C /* FieldGroupModel.swift */,
				F37BDDB01F6A62C000641D76 /* ImageModel.swift */,
				F3D0A6641F6FC27900464265 /* QualityTrackModel.swift */,
			);
			path = Models;
			sourceTree = "<group>";
		};
		F3F586821EE407FD0018412D /* Home */ = {
			isa = PBXGroup;
			children = (
				F3F586831EE407FD0018412D /* HomeViewController.swift */,
				F3A1D12D1F04F6F30008F051 /* Publish */,
				F376B1F81F04EF9400447696 /* News */,
				F3320AE71EE79BE200327DC7 /* Shop */,
				F34C93571EE69EAF00091195 /* Loan */,
				F365D67B1EE6602D00500391 /* CeTu */,
				F365D66F1EE63B1C00500391 /* FarmActivity */,
				F3F5870D1EE439BF0018412D /* Noti */,
				F3F5870A1EE4372B0018412D /* CollectionItem */,
			);
			path = Home;
			sourceTree = "<group>";
		};
		F3F5870A1EE4372B0018412D /* CollectionItem */ = {
			isa = PBXGroup;
			children = (
				F3F5870B1EE4375D0018412D /* HomeModuleCollectionView.swift */,
				F3D677371EE55EBB00BEB029 /* CropsCollectionView.swift */,
			);
			path = CollectionItem;
			sourceTree = "<group>";
		};
		F3F5870D1EE439BF0018412D /* Noti */ = {
			isa = PBXGroup;
			children = (
				F3F5870E1EE439EB0018412D /* NotificationViewController.swift */,
			);
			path = Noti;
			sourceTree = "<group>";
		};
		F3F587101EE43B3E0018412D /* Component */ = {
			isa = PBXGroup;
			children = (
				F3F587111EE43B3E0018412D /* Categories */,
				F3D677321EE5584F00BEB029 /* Classes */,
			);
			path = Component;
			sourceTree = "<group>";
		};
		F3F587111EE43B3E0018412D /* Categories */ = {
			isa = PBXGroup;
			children = (
				F3F587121EE43BC40018412D /* UIColor+Addtions.swift */,
				F39855941EE8FDF20042990C /* VerticalButton.swift */,
				F320DE791EEE7A65005AF954 /* UIView+Additions.swift */,
				F399DDD61EF3DA9B0012AD94 /* UIImage+Additions.swift */,
			);
			path = Categories;
			sourceTree = "<group>";
		};
		F3F587141EE43CAD0018412D /* Circle */ = {
			isa = PBXGroup;
			children = (
				F3F587151EE43CAD0018412D /* CircleViewController.swift */,
			);
			path = Circle;
			sourceTree = "<group>";
		};
		F3F587161EE43CAD0018412D /* Farm */ = {
			isa = PBXGroup;
			children = (
				F3F587171EE43CAD0018412D /* FarmViewController.swift */,
				F3235C411F6FB8D3003A0DCE /* QualityTracking */,
				F3BB461F1F69231000E0539C /* FieldsManager */,
				F33FBB961EEFDB0900F4B2A8 /* PlantManager */,
				F3FC1E861EE7E08600CD66E1 /* webthing */,
			);
			path = Farm;
			sourceTree = "<group>";
		};
		F3F587181EE43CAD0018412D /* Mine */ = {
			isa = PBXGroup;
			children = (
				F3F587191EE43CAD0018412D /* MineViewController.swift */,
				F39855891EE8EBD90042990C /* Address */,
				F34C935A1EE6A6C500091195 /* Setting */,
			);
			path = Mine;
			sourceTree = "<group>";
		};
		F3FC1E861EE7E08600CD66E1 /* webthing */ = {
			isa = PBXGroup;
			children = (
				F3FC1E871EE7E09D00CD66E1 /* WebThingsViewController.swift */,
				F38504731F7B6E27008DD007 /* WebThingViewController.swift */,
			);
			path = webthing;
			sourceTree = "<group>";
		};
		FC01FD51F34BE930C40425C2 /* Pods */ = {
			isa = PBXGroup;
			children = (
				71E885BB0AA338D183331694 /* Pods-ANT_iOS.debug.xcconfig */,
				022A2B72FB17BBCF3E6BD8BC /* Pods-ANT_iOS.release.xcconfig */,
			);
			name = Pods;
			sourceTree = "<group>";
		};
/* End PBXGroup section */

/* Begin PBXNativeTarget section */
		F35BB75A1EE14CEF0032EC02 /* ANT_iOS */ = {
			isa = PBXNativeTarget;
			buildConfigurationList = F35BB76D1EE14CEF0032EC02 /* Build configuration list for PBXNativeTarget "ANT_iOS" */;
			buildPhases = (
				CB1C7F7B28DF434AA221674C /* [CP] Check Pods Manifest.lock */,
				F35BB7571EE14CEF0032EC02 /* Sources */,
				F35BB7581EE14CEF0032EC02 /* Frameworks */,
				F35BB7591EE14CEF0032EC02 /* Resources */,
				0D05EF03B5EB438BA9AD077C /* [CP] Embed Pods Frameworks */,
				5044B3D0E066B3C31FF9816C /* [CP] Copy Pods Resources */,
			);
			buildRules = (
			);
			dependencies = (
			);
			name = ANT_iOS;
			productName = ANT_iOS;
			productReference = F35BB75B1EE14CEF0032EC02 /* ANT_iOS.app */;
			productType = "com.apple.product-type.application";
		};
/* End PBXNativeTarget section */

/* Begin PBXProject section */
		F35BB7531EE14CEF0032EC02 /* Project object */ = {
			isa = PBXProject;
			attributes = {
				LastSwiftUpdateCheck = 0830;
				LastUpgradeCheck = 0830;
				ORGANIZATIONNAME = qianmo;
				TargetAttributes = {
					F35BB75A1EE14CEF0032EC02 = {
						CreatedOnToolsVersion = 8.3.2;
						DevelopmentTeam = KK59AKUJZC;
						LastSwiftMigration = 0830;
						ProvisioningStyle = Automatic;
					};
				};
			};
			buildConfigurationList = F35BB7561EE14CEF0032EC02 /* Build configuration list for PBXProject "ANT_iOS" */;
			compatibilityVersion = "Xcode 3.2";
			developmentRegion = English;
			hasScannedForEncodings = 0;
			knownRegions = (
				en,
				Base,
			);
			mainGroup = F35BB7521EE14CEF0032EC02;
			productRefGroup = F35BB75C1EE14CEF0032EC02 /* Products */;
			projectDirPath = "";
			projectRoot = "";
			targets = (
				F35BB75A1EE14CEF0032EC02 /* ANT_iOS */,
			);
		};
/* End PBXProject section */

/* Begin PBXResourcesBuildPhase section */
		F35BB7591EE14CEF0032EC02 /* Resources */ = {
			isa = PBXResourcesBuildPhase;
			buildActionMask = 2147483647;
			files = (
				F3FC1E8A1EE7E2EA00CD66E1 /* webthing in Resources */,
				F35BB7691EE14CEF0032EC02 /* LaunchScreen.storyboard in Resources */,
				F3EE54E01F063831004A9523 /* popMenvTopView.xib in Resources */,
				F314B3671F67D2E600AAB40B /* iconfont.ttf in Resources */,
				F35BB7661EE14CEF0032EC02 /* Assets.xcassets in Resources */,
			);
			runOnlyForDeploymentPostprocessing = 0;
		};
/* End PBXResourcesBuildPhase section */

/* Begin PBXShellScriptBuildPhase section */
		0D05EF03B5EB438BA9AD077C /* [CP] Embed Pods Frameworks */ = {
			isa = PBXShellScriptBuildPhase;
			buildActionMask = 2147483647;
			files = (
			);
			inputPaths = (
				"${SRCROOT}/Pods/Target Support Files/Pods-ANT_iOS/Pods-ANT_iOS-frameworks.sh",
				"${BUILT_PRODUCTS_DIR}/IQKeyboardManagerSwift/IQKeyboardManagerSwift.framework",
				"${BUILT_PRODUCTS_DIR}/Kingfisher/Kingfisher.framework",
				"${BUILT_PRODUCTS_DIR}/SnapKit/SnapKit.framework",
				"${BUILT_PRODUCTS_DIR}/pop/pop.framework",
			);
			name = "[CP] Embed Pods Frameworks";
			outputPaths = (
				"${TARGET_BUILD_DIR}/${FRAMEWORKS_FOLDER_PATH}/IQKeyboardManagerSwift.framework",
				"${TARGET_BUILD_DIR}/${FRAMEWORKS_FOLDER_PATH}/Kingfisher.framework",
				"${TARGET_BUILD_DIR}/${FRAMEWORKS_FOLDER_PATH}/SnapKit.framework",
				"${TARGET_BUILD_DIR}/${FRAMEWORKS_FOLDER_PATH}/pop.framework",
			);
			runOnlyForDeploymentPostprocessing = 0;
			shellPath = /bin/sh;
			shellScript = "\"${SRCROOT}/Pods/Target Support Files/Pods-ANT_iOS/Pods-ANT_iOS-frameworks.sh\"\n";
			showEnvVarsInLog = 0;
		};
		5044B3D0E066B3C31FF9816C /* [CP] Copy Pods Resources */ = {
			isa = PBXShellScriptBuildPhase;
			buildActionMask = 2147483647;
			files = (
			);
			inputPaths = (
				"${SRCROOT}/Pods/Target Support Files/Pods-ANT_iOS/Pods-ANT_iOS-resources.sh",
				"${PODS_ROOT}/UMengUShare/UShareSDK/UMSocialSDK/UMSocialSDKPromptResources.bundle",
				"${PODS_ROOT}/UMengUShare/UShareSDK/UMSocialUI/UMSocialSDKResources.bundle",
			);
			name = "[CP] Copy Pods Resources";
			outputPaths = (
				"${TARGET_BUILD_DIR}/${UNLOCALIZED_RESOURCES_FOLDER_PATH}",
			);
			runOnlyForDeploymentPostprocessing = 0;
			shellPath = /bin/sh;
			shellScript = "\"${SRCROOT}/Pods/Target Support Files/Pods-ANT_iOS/Pods-ANT_iOS-resources.sh\"\n";
			showEnvVarsInLog = 0;
		};
		CB1C7F7B28DF434AA221674C /* [CP] Check Pods Manifest.lock */ = {
			isa = PBXShellScriptBuildPhase;
			buildActionMask = 2147483647;
			files = (
			);
			inputPaths = (
				"${PODS_PODFILE_DIR_PATH}/Podfile.lock",
				"${PODS_ROOT}/Manifest.lock",
			);
			name = "[CP] Check Pods Manifest.lock";
			outputPaths = (
				"$(DERIVED_FILE_DIR)/Pods-ANT_iOS-checkManifestLockResult.txt",
			);
			runOnlyForDeploymentPostprocessing = 0;
			shellPath = /bin/sh;
			shellScript = "diff \"${PODS_PODFILE_DIR_PATH}/Podfile.lock\" \"${PODS_ROOT}/Manifest.lock\" > /dev/null\nif [ $? != 0 ] ; then\n    # print error to STDERR\n    echo \"error: The sandbox is not in sync with the Podfile.lock. Run 'pod install' or update your CocoaPods installation.\" >&2\n    exit 1\nfi\n# This output is used by Xcode 'outputs' to avoid re-running this script phase.\necho \"SUCCESS\" > \"${SCRIPT_OUTPUT_FILE_0}\"\n";
			showEnvVarsInLog = 0;
		};
/* End PBXShellScriptBuildPhase section */

/* Begin PBXSourcesBuildPhase section */
		F35BB7571EE14CEF0032EC02 /* Sources */ = {
			isa = PBXSourcesBuildPhase;
			buildActionMask = 2147483647;
			files = (
				F365D67A1EE6415B00500391 /* FarmActivityModel.swift in Sources */,
				F399DDD11EF38F6A0012AD94 /* AppTabBar.swift in Sources */,
				F3F7820A1F6632B2007C5768 /* HyPopMenuView.m in Sources */,
				F314B3641F67D21700AAB40B /* TBCityIconInfo.m in Sources */,
				F39855951EE8FDF20042990C /* VerticalButton.swift in Sources */,
				F37600D51F788BCB00E9A242 /* UMSocialSwiftInterface.swift in Sources */,
				F3F7820B1F6632B2007C5768 /* PopMenuButton.m in Sources */,
				F365D6F81EE67AAE00500391 /* UIView+WebCacheOperation.m in Sources */,
				F365D6F31EE67AAE00500391 /* UIButton+WebCache.m in Sources */,
				F365D6F11EE67AAE00500391 /* SDWebImageManager.m in Sources */,
				F3BB462B1F6939FE00E0539C /* FieldGroupModel.swift in Sources */,
				F314B2CE1F6769EA00AAB40B /* BaseTableViewDelegate.swift in Sources */,
				F365D6E61EE67AAE00500391 /* TADotView.m in Sources */,
				F35BB7721EE14DC80032EC02 /* AppTabBarController.swift in Sources */,
				F398558D1EE8F1920042990C /* AddressModel.swift in Sources */,
				F365D6EF1EE67AAE00500391 /* SDWebImageDownloader.m in Sources */,
				F33FBB981EEFDB2100F4B2A8 /* PlantManagerViewController.swift in Sources */,
				F3F5871A1EE43CAD0018412D /* CircleViewController.swift in Sources */,
				F3F7820C1F6632B2007C5768 /* PopMenuModel.m in Sources */,
				F3A1D12F1F04F7020008F051 /* PublishViewController.swift in Sources */,
				F365D6ED1EE67AAE00500391 /* SDWebImageCompat.m in Sources */,
				F365D6E41EE67AAE00500391 /* TAAbstractDotView.m in Sources */,
				F33FBB8B1EEF97DF00F4B2A8 /* CeTuAdviceViewController.swift in Sources */,
				F30EEEE31EF7599100C6A9FF /* VersionAlertView.swift in Sources */,
				F365D6F71EE67AAE00500391 /* UIImageView+WebCache.m in Sources */,
				F35BB7611EE14CEF0032EC02 /* ViewController.swift in Sources */,
				F398559C1EE954690042990C /* CommonUtils.swift in Sources */,
				F3E6C8CC1F6F61FF00E2E45C /* YYAdvertScrollView.swift in Sources */,
				F365D71C1EE67AAE00500391 /* YYClassInfo.m in Sources */,
				F38504741F7B6E27008DD007 /* WebThingViewController.swift in Sources */,
				F3320AE91EE79BF800327DC7 /* ShopListViewController.swift in Sources */,
				F3BB46251F69269400E0539C /* FieldsMapViewController.swift in Sources */,
				F3D16B281F71038300985E30 /* AddTraceCompleteViewController.swift in Sources */,
				F3FCEAAD1F7C84CE00148C09 /* PopupMenu.swift in Sources */,
				F365D6E91EE67AAE00500391 /* SDCycleScrollView.m in Sources */,
				F3F5871B1EE43CAD0018412D /* FarmViewController.swift in Sources */,
				F3EE54E31F064537004A9523 /* NewsModel.swift in Sources */,
				F33FBB891EEF857C00F4B2A8 /* BuyFormulaPopView.swift in Sources */,
				F38AA18D1F70B33300CA9547 /* CustomPageControl.swift in Sources */,
				F365D6F61EE67AAE00500391 /* UIImageView+HighlightedWebCache.m in Sources */,
				F37BDDB11F6A62C000641D76 /* ImageModel.swift in Sources */,
				F3F5870C1EE4375D0018412D /* HomeModuleCollectionView.swift in Sources */,
				F3EE54E11F063831004A9523 /* popMenvTopView.m in Sources */,
				F34C93561EE6991300091195 /* MessageModel.swift in Sources */,
				F365D7201EE67B1700500391 /* AppCommon.m in Sources */,
				F376B1FA1F04EFB800447696 /* NewsViewController.swift in Sources */,
				F365D6EC1EE67AAE00500391 /* SDImageCache.m in Sources */,
				F365D6E51EE67AAE00500391 /* TAAnimatedDotView.m in Sources */,
				F365D6F51EE67AAE00500391 /* UIImage+MultiFormat.m in Sources */,
				F365D71B1EE67AAE00500391 /* NSObject+YYModel.m in Sources */,
				F3B764FA1EEF73E1009FF0BE /* PopUpPickerView.swift in Sources */,
				F38AA18B1F70B0C100CA9547 /* TraceStep2ViewController.swift in Sources */,
				F398558B1EE8EBE80042990C /* AddressListViewController.swift in Sources */,
				F3320AEB1EE7A4BE00327DC7 /* ShopModel.swift in Sources */,
				F365D6F01EE67AAE00500391 /* SDWebImageDownloaderOperation.m in Sources */,
				F3D6773B1EE5625500BEB029 /* PlantModel.swift in Sources */,
				F365D67D1EE6791700500391 /* CetuTypeViewController.swift in Sources */,
				F3F5871C1EE43CAD0018412D /* MineViewController.swift in Sources */,
				F320DE7C1EEE8044005AF954 /* CetuDataInputViewController.swift in Sources */,
				F3D677381EE55EBB00BEB029 /* CropsCollectionView.swift in Sources */,
				F3FC1E881EE7E09D00CD66E1 /* WebThingsViewController.swift in Sources */,
				F307E6171F68B7E4001664C8 /* InputDialog.swift in Sources */,
				F39855971EE927A10042990C /* AddressEditViewController.swift in Sources */,
				F3D16B2A1F7104A000985E30 /* QualityTracDetailsViewController.swift in Sources */,
				F365D6781EE63C8900500391 /* FarmRecordCell.swift in Sources */,
				F365D6EB1EE67AAE00500391 /* NSData+ImageContentType.m in Sources */,
				F35BB7801EE163DD0032EC02 /* BaseViewController.swift in Sources */,
				F3A1D0DC1F04F2290008F051 /* UIColor+ImageGetColor.m in Sources */,
				F3F5870F1EE439EB0018412D /* NotificationViewController.swift in Sources */,
				F34C93541EE692F300091195 /* BaseConst.swift in Sources */,
				F34C93591EE69EC400091195 /* LoanInsureViewController.swift in Sources */,
				F365D6E71EE67AAE00500391 /* TAPageControl.m in Sources */,
				F365D6EE1EE67AAE00500391 /* SDWebImageDecoder.m in Sources */,
				F3D16B241F70FBAF00985E30 /* TraceStep4ViewController.swift in Sources */,
				F3EE54DC1F05F88E004A9523 /* NewsTableViewCell.swift in Sources */,
				F365D6E81EE67AAE00500391 /* SDCollectionViewCell.m in Sources */,
				F3BB46211F69234C00E0539C /* FieldsManagerViewController.swift in Sources */,
				F320DE761EEE669A005AF954 /* CetuViewController.swift in Sources */,
				F32671C51EF7D39700121C9B /* YYAlertView.swift in Sources */,
				F3F586841EE407FD0018412D /* HomeViewController.swift in Sources */,
				F30EEEE51EF767A100C6A9FF /* VersionManager.swift in Sources */,
				F314B3651F67D21700AAB40B /* UIImage+TBCityIconFont.m in Sources */,
				F34C935C1EE6A6D000091195 /* SettingsViewController.swift in Sources */,
				F320DE7A1EEE7A65005AF954 /* UIView+Additions.swift in Sources */,
				F35BB77D1EE1503B0032EC02 /* AppNavigationController.swift in Sources */,
				F38AA18F1F70EC6A00CA9547 /* CharacteristicCell.swift in Sources */,
				F365D6891EE67A4100500391 /* AppDelegate.swift in Sources */,
				F3D16B221F70F11B00985E30 /* TraceStep3ViewController.swift in Sources */,
				F365D6F21EE67AAE00500391 /* SDWebImagePrefetcher.m in Sources */,
				F399DDD71EF3DA9B0012AD94 /* UIImage+Additions.swift in Sources */,
				F365D6EA1EE67AAE00500391 /* UIView+SDExtension.m in Sources */,
				F314B2D01F6770DD00AAB40B /* BaseTableViewCell.swift in Sources */,
				F398559A1EE93C870042990C /* SelectAreaAlert.swift in Sources */,
				F38AA1871F709FE300CA9547 /* TraceStep1ViewController.swift in Sources */,
				F38AA1891F70A13600CA9547 /* TraceStepView.swift in Sources */,
				F3D16B261F71025400985E30 /* TraceStep5ViewController.swift in Sources */,
				F3BB46231F69267800E0539C /* FieldsTableViewController.swift in Sources */,
				F3D0A6651F6FC27900464265 /* QualityTrackModel.swift in Sources */,
				F365D6F41EE67AAE00500391 /* UIImage+GIF.m in Sources */,
				F3D84DFA1F6BC5A4008573E3 /* YYSheetView.swift in Sources */,
				F34C935E1EE6B58600091195 /* CacheManager.swift in Sources */,
				F3A1D1321F04FF4C0008F051 /* BaseTableViewDataSource.swift in Sources */,
				F320DE781EEE7114005AF954 /* FormulaModel.swift in Sources */,
				F33FBB8E1EEFBEDA00F4B2A8 /* MenuControl.swift in Sources */,
				F314B3631F67D21700AAB40B /* TBCityIconFont.m in Sources */,
				F3F587131EE43BC40018412D /* UIColor+Addtions.swift in Sources */,
				F3235C431F6FB8F5003A0DCE /* QualityTrackingViewController.swift in Sources */,
			);
			runOnlyForDeploymentPostprocessing = 0;
		};
/* End PBXSourcesBuildPhase section */

/* Begin PBXVariantGroup section */
		F35BB7671EE14CEF0032EC02 /* LaunchScreen.storyboard */ = {
			isa = PBXVariantGroup;
			children = (
				F35BB7681EE14CEF0032EC02 /* Base */,
			);
			name = LaunchScreen.storyboard;
			sourceTree = "<group>";
		};
/* End PBXVariantGroup section */

/* Begin XCBuildConfiguration section */
		F35BB76B1EE14CEF0032EC02 /* Debug */ = {
			isa = XCBuildConfiguration;
			buildSettings = {
				ALWAYS_SEARCH_USER_PATHS = NO;
				CLANG_ANALYZER_NONNULL = YES;
				CLANG_ANALYZER_NUMBER_OBJECT_CONVERSION = YES_AGGRESSIVE;
				CLANG_CXX_LANGUAGE_STANDARD = "gnu++0x";
				CLANG_CXX_LIBRARY = "libc++";
				CLANG_ENABLE_MODULES = YES;
				CLANG_ENABLE_OBJC_ARC = YES;
				CLANG_WARN_BOOL_CONVERSION = YES;
				CLANG_WARN_CONSTANT_CONVERSION = YES;
				CLANG_WARN_DIRECT_OBJC_ISA_USAGE = YES_ERROR;
				CLANG_WARN_DOCUMENTATION_COMMENTS = YES;
				CLANG_WARN_EMPTY_BODY = YES;
				CLANG_WARN_ENUM_CONVERSION = YES;
				CLANG_WARN_INFINITE_RECURSION = YES;
				CLANG_WARN_INT_CONVERSION = YES;
				CLANG_WARN_OBJC_ROOT_CLASS = YES_ERROR;
				CLANG_WARN_SUSPICIOUS_MOVE = YES;
				CLANG_WARN_UNREACHABLE_CODE = YES;
				CLANG_WARN__DUPLICATE_METHOD_MATCH = YES;
				"CODE_SIGN_IDENTITY[sdk=iphoneos*]" = "iPhone Developer";
				COPY_PHASE_STRIP = NO;
				DEBUG_INFORMATION_FORMAT = dwarf;
				ENABLE_STRICT_OBJC_MSGSEND = YES;
				ENABLE_TESTABILITY = YES;
				GCC_C_LANGUAGE_STANDARD = gnu99;
				GCC_DYNAMIC_NO_PIC = NO;
				GCC_NO_COMMON_BLOCKS = YES;
				GCC_OPTIMIZATION_LEVEL = 0;
				GCC_PREPROCESSOR_DEFINITIONS = (
					"DEBUG=1",
					"$(inherited)",
				);
				GCC_WARN_64_TO_32_BIT_CONVERSION = YES;
				GCC_WARN_ABOUT_RETURN_TYPE = YES_ERROR;
				GCC_WARN_UNDECLARED_SELECTOR = YES;
				GCC_WARN_UNINITIALIZED_AUTOS = YES_AGGRESSIVE;
				GCC_WARN_UNUSED_FUNCTION = YES;
				GCC_WARN_UNUSED_VARIABLE = YES;
				IPHONEOS_DEPLOYMENT_TARGET = 10.3;
				MTL_ENABLE_DEBUG_INFO = YES;
				ONLY_ACTIVE_ARCH = YES;
				SDKROOT = iphoneos;
				SWIFT_ACTIVE_COMPILATION_CONDITIONS = DEBUG;
				SWIFT_OPTIMIZATION_LEVEL = "-Onone";
			};
			name = Debug;
		};
		F35BB76C1EE14CEF0032EC02 /* Release */ = {
			isa = XCBuildConfiguration;
			buildSettings = {
				ALWAYS_SEARCH_USER_PATHS = NO;
				CLANG_ANALYZER_NONNULL = YES;
				CLANG_ANALYZER_NUMBER_OBJECT_CONVERSION = YES_AGGRESSIVE;
				CLANG_CXX_LANGUAGE_STANDARD = "gnu++0x";
				CLANG_CXX_LIBRARY = "libc++";
				CLANG_ENABLE_MODULES = YES;
				CLANG_ENABLE_OBJC_ARC = YES;
				CLANG_WARN_BOOL_CONVERSION = YES;
				CLANG_WARN_CONSTANT_CONVERSION = YES;
				CLANG_WARN_DIRECT_OBJC_ISA_USAGE = YES_ERROR;
				CLANG_WARN_DOCUMENTATION_COMMENTS = YES;
				CLANG_WARN_EMPTY_BODY = YES;
				CLANG_WARN_ENUM_CONVERSION = YES;
				CLANG_WARN_INFINITE_RECURSION = YES;
				CLANG_WARN_INT_CONVERSION = YES;
				CLANG_WARN_OBJC_ROOT_CLASS = YES_ERROR;
				CLANG_WARN_SUSPICIOUS_MOVE = YES;
				CLANG_WARN_UNREACHABLE_CODE = YES;
				CLANG_WARN__DUPLICATE_METHOD_MATCH = YES;
				"CODE_SIGN_IDENTITY[sdk=iphoneos*]" = "iPhone Developer";
				COPY_PHASE_STRIP = NO;
				DEBUG_INFORMATION_FORMAT = "dwarf-with-dsym";
				ENABLE_NS_ASSERTIONS = NO;
				ENABLE_STRICT_OBJC_MSGSEND = YES;
				GCC_C_LANGUAGE_STANDARD = gnu99;
				GCC_NO_COMMON_BLOCKS = YES;
				GCC_WARN_64_TO_32_BIT_CONVERSION = YES;
				GCC_WARN_ABOUT_RETURN_TYPE = YES_ERROR;
				GCC_WARN_UNDECLARED_SELECTOR = YES;
				GCC_WARN_UNINITIALIZED_AUTOS = YES_AGGRESSIVE;
				GCC_WARN_UNUSED_FUNCTION = YES;
				GCC_WARN_UNUSED_VARIABLE = YES;
				IPHONEOS_DEPLOYMENT_TARGET = 10.3;
				MTL_ENABLE_DEBUG_INFO = NO;
				SDKROOT = iphoneos;
				SWIFT_OPTIMIZATION_LEVEL = "-Owholemodule";
				VALIDATE_PRODUCT = YES;
			};
			name = Release;
		};
		F35BB76E1EE14CEF0032EC02 /* Debug */ = {
			isa = XCBuildConfiguration;
			baseConfigurationReference = 71E885BB0AA338D183331694 /* Pods-ANT_iOS.debug.xcconfig */;
			buildSettings = {
				ASSETCATALOG_COMPILER_APPICON_NAME = AppIcon;
				ASSETCATALOG_COMPILER_LAUNCHIMAGE_NAME = LaunchImage;
				DEVELOPMENT_TEAM = KK59AKUJZC;
				INFOPLIST_FILE = ANT_iOS/Info.plist;
				IPHONEOS_DEPLOYMENT_TARGET = 8.0;
				LD_RUNPATH_SEARCH_PATHS = "$(inherited) @executable_path/Frameworks";
				PRODUCT_BUNDLE_IDENTIFIER = "com.qianmo.ANT-iOS";
				PRODUCT_NAME = "$(TARGET_NAME)";
				SWIFT_OBJC_BRIDGING_HEADER = "ANT_iOS/Bridging-Header.h";
				SWIFT_VERSION = 3.0;
				USER_HEADER_SEARCH_PATHS = "${SRCROOT}/**";
			};
			name = Debug;
		};
		F35BB76F1EE14CEF0032EC02 /* Release */ = {
			isa = XCBuildConfiguration;
			baseConfigurationReference = 022A2B72FB17BBCF3E6BD8BC /* Pods-ANT_iOS.release.xcconfig */;
			buildSettings = {
				ASSETCATALOG_COMPILER_APPICON_NAME = AppIcon;
				ASSETCATALOG_COMPILER_LAUNCHIMAGE_NAME = LaunchImage;
				DEVELOPMENT_TEAM = KK59AKUJZC;
				INFOPLIST_FILE = ANT_iOS/Info.plist;
				IPHONEOS_DEPLOYMENT_TARGET = 8.0;
				LD_RUNPATH_SEARCH_PATHS = "$(inherited) @executable_path/Frameworks";
				PRODUCT_BUNDLE_IDENTIFIER = "com.qianmo.ANT-iOS";
				PRODUCT_NAME = "$(TARGET_NAME)";
				SWIFT_OBJC_BRIDGING_HEADER = "ANT_iOS/Bridging-Header.h";
				SWIFT_VERSION = 3.0;
				USER_HEADER_SEARCH_PATHS = "${SRCROOT}/**";
			};
			name = Release;
		};
/* End XCBuildConfiguration section */

/* Begin XCConfigurationList section */
		F35BB7561EE14CEF0032EC02 /* Build configuration list for PBXProject "ANT_iOS" */ = {
			isa = XCConfigurationList;
			buildConfigurations = (
				F35BB76B1EE14CEF0032EC02 /* Debug */,
				F35BB76C1EE14CEF0032EC02 /* Release */,
			);
			defaultConfigurationIsVisible = 0;
			defaultConfigurationName = Release;
		};
		F35BB76D1EE14CEF0032EC02 /* Build configuration list for PBXNativeTarget "ANT_iOS" */ = {
			isa = XCConfigurationList;
			buildConfigurations = (
				F35BB76E1EE14CEF0032EC02 /* Debug */,
				F35BB76F1EE14CEF0032EC02 /* Release */,
			);
			defaultConfigurationIsVisible = 0;
			defaultConfigurationName = Release;
		};
/* End XCConfigurationList section */
	};
	rootObject = F35BB7531EE14CEF0032EC02 /* Project object */;
}
